// !$*UTF8*$!
{
	archiveVersion = 1;
	classes = {
	};
	objectVersion = 46;
	objects = {

/* Begin PBXBuildFile section */
		26B73345F8574FA6AC075CCB /* libPods.a in Frameworks */ = {isa = PBXBuildFile; fileRef = B4716EB6ABE44C6E822EEF78 /* libPods.a */; };
		CC49266D168A4AE200397C1E /* MobileCoreServices.framework in Frameworks */ = {isa = PBXBuildFile; fileRef = CC49266B168A4ACC00397C1E /* MobileCoreServices.framework */; };
		CC49266E168A4AE200397C1E /* SystemConfiguration.framework in Frameworks */ = {isa = PBXBuildFile; fileRef = CC492669168A4AC400397C1E /* SystemConfiguration.framework */; };
		CC4DA5171710BA7C004E2191 /* QuartzCore.framework in Frameworks */ = {isa = PBXBuildFile; fileRef = CC4DA5141710BA70004E2191 /* QuartzCore.framework */; };
		CC4DA52E17143FFA004E2191 /* MainStoryboard-iPad.storyboard in Resources */ = {isa = PBXBuildFile; fileRef = CC4DA52D17143FFA004E2191 /* MainStoryboard-iPad.storyboard */; };
		CC921C10180DB69F00547457 /* GCClient.m in Sources */ = {isa = PBXBuildFile; fileRef = CC921BB4180DB69F00547457 /* GCClient.m */; };
		CC921C11180DB69F00547457 /* GCOAuth2Client.m in Sources */ = {isa = PBXBuildFile; fileRef = CC921BB6180DB69F00547457 /* GCOAuth2Client.m */; };
		CC921C12180DB69F00547457 /* GCUploader.m in Sources */ = {isa = PBXBuildFile; fileRef = CC921BB8180DB69F00547457 /* GCUploader.m */; };
		CC921C13180DB69F00547457 /* GCServiceAlbum.m in Sources */ = {isa = PBXBuildFile; fileRef = CC921BBB180DB69F00547457 /* GCServiceAlbum.m */; };
		CC921C14180DB69F00547457 /* GCServiceAsset.m in Sources */ = {isa = PBXBuildFile; fileRef = CC921BBD180DB69F00547457 /* GCServiceAsset.m */; };
		CC921C15180DB69F00547457 /* GCServiceComment.m in Sources */ = {isa = PBXBuildFile; fileRef = CC921BBF180DB69F00547457 /* GCServiceComment.m */; };
		CC921C16180DB69F00547457 /* GCServiceFlag.m in Sources */ = {isa = PBXBuildFile; fileRef = CC921BC1180DB69F00547457 /* GCServiceFlag.m */; };
		CC921C17180DB69F00547457 /* GCServiceHeart.m in Sources */ = {isa = PBXBuildFile; fileRef = CC921BC3180DB69F00547457 /* GCServiceHeart.m */; };
		CC921C18180DB69F00547457 /* GCServiceTag.m in Sources */ = {isa = PBXBuildFile; fileRef = CC921BC5180DB69F00547457 /* GCServiceTag.m */; };
		CC921C19180DB69F00547457 /* GCServiceVote.m in Sources */ = {isa = PBXBuildFile; fileRef = CC921BC7180DB69F00547457 /* GCServiceVote.m */; };
		CC921C1B180DB69F00547457 /* GCAlbum.m in Sources */ = {isa = PBXBuildFile; fileRef = CC921BCD180DB69F00547457 /* GCAlbum.m */; };
		CC921C1C180DB69F00547457 /* GCApiLimits.m in Sources */ = {isa = PBXBuildFile; fileRef = CC921BCF180DB69F00547457 /* GCApiLimits.m */; };
		CC921C1D180DB69F00547457 /* GCAsset.m in Sources */ = {isa = PBXBuildFile; fileRef = CC921BD1180DB69F00547457 /* GCAsset.m */; };
		CC921C1E180DB69F00547457 /* GCAssetDimensions.m in Sources */ = {isa = PBXBuildFile; fileRef = CC921BD3180DB69F00547457 /* GCAssetDimensions.m */; };
		CC921C1F180DB69F00547457 /* GCAssetSource.m in Sources */ = {isa = PBXBuildFile; fileRef = CC921BD5180DB69F00547457 /* GCAssetSource.m */; };
		CC921C20180DB69F00547457 /* GCComment.m in Sources */ = {isa = PBXBuildFile; fileRef = CC921BD7180DB69F00547457 /* GCComment.m */; };
		CC921C21180DB69F00547457 /* GCCoordinate.m in Sources */ = {isa = PBXBuildFile; fileRef = CC921BD9180DB69F00547457 /* GCCoordinate.m */; };
		CC921C22180DB69F00547457 /* GCCounter.m in Sources */ = {isa = PBXBuildFile; fileRef = CC921BDB180DB69F00547457 /* GCCounter.m */; };
		CC921C23180DB69F00547457 /* GCFile.m in Sources */ = {isa = PBXBuildFile; fileRef = CC921BDD180DB69F00547457 /* GCFile.m */; };
		CC921C24180DB69F00547457 /* GCFlag.m in Sources */ = {isa = PBXBuildFile; fileRef = CC921BDF180DB69F00547457 /* GCFlag.m */; };
		CC921C25180DB69F00547457 /* GCFlagCount.m in Sources */ = {isa = PBXBuildFile; fileRef = CC921BE1180DB69F00547457 /* GCFlagCount.m */; };
		CC921C26180DB69F00547457 /* GCHeart.m in Sources */ = {isa = PBXBuildFile; fileRef = CC921BE3180DB69F00547457 /* GCHeart.m */; };
		CC921C27180DB69F00547457 /* GCHeartCount.m in Sources */ = {isa = PBXBuildFile; fileRef = CC921BE5180DB69F00547457 /* GCHeartCount.m */; };
		CC921C28180DB69F00547457 /* GCImageData.m in Sources */ = {isa = PBXBuildFile; fileRef = CC921BE7180DB69F00547457 /* GCImageData.m */; };
		CC921C29180DB69F00547457 /* GCLinks.m in Sources */ = {isa = PBXBuildFile; fileRef = CC921BE9180DB69F00547457 /* GCLinks.m */; };
		CC921C2A180DB69F00547457 /* GCPagination.m in Sources */ = {isa = PBXBuildFile; fileRef = CC921BEB180DB69F00547457 /* GCPagination.m */; };
		CC921C2B180DB69F00547457 /* GCResponse.m in Sources */ = {isa = PBXBuildFile; fileRef = CC921BED180DB69F00547457 /* GCResponse.m */; };
		CC921C2C180DB69F00547457 /* GCResponseStatus.m in Sources */ = {isa = PBXBuildFile; fileRef = CC921BEF180DB69F00547457 /* GCResponseStatus.m */; };
		CC921C2D180DB69F00547457 /* GCUploadInfo.m in Sources */ = {isa = PBXBuildFile; fileRef = CC921BF1180DB69F00547457 /* GCUploadInfo.m */; };
		CC921C2E180DB69F00547457 /* GCUploadingAsset.m in Sources */ = {isa = PBXBuildFile; fileRef = CC921BF3180DB69F00547457 /* GCUploadingAsset.m */; };
		CC921C2F180DB69F00547457 /* GCUploads.m in Sources */ = {isa = PBXBuildFile; fileRef = CC921BF5180DB69F00547457 /* GCUploads.m */; };
		CC921C30180DB69F00547457 /* GCURL.m in Sources */ = {isa = PBXBuildFile; fileRef = CC921BF7180DB69F00547457 /* GCURL.m */; };
		CC921C31180DB69F00547457 /* GCUser.m in Sources */ = {isa = PBXBuildFile; fileRef = CC921BF9180DB69F00547457 /* GCUser.m */; };
		CC921C32180DB69F00547457 /* GCVote.m in Sources */ = {isa = PBXBuildFile; fileRef = CC921BFB180DB69F00547457 /* GCVote.m */; };
		CC921C33180DB69F00547457 /* GCVoteCount.m in Sources */ = {isa = PBXBuildFile; fileRef = CC921BFD180DB69F00547457 /* GCVoteCount.m */; };
		CC921C34180DB69F00547457 /* GCFileManager.m in Sources */ = {isa = PBXBuildFile; fileRef = CC921C00180DB69F00547457 /* GCFileManager.m */; };
		CC921C35180DB69F00547457 /* GCMD5Hash.c in Sources */ = {isa = PBXBuildFile; fileRef = CC921C01180DB69F00547457 /* GCMD5Hash.c */; };
		CC921C36180DB69F00547457 /* KXDataEncoder.m in Sources */ = {isa = PBXBuildFile; fileRef = CC921C04180DB69F00547457 /* KXDataEncoder.m */; };
		CC921C37180DB69F00547457 /* NSDictionary+QueryString.m in Sources */ = {isa = PBXBuildFile; fileRef = CC921C06180DB69F00547457 /* NSDictionary+QueryString.m */; };
		CC921C38180DB69F00547457 /* NSMutableDictionary+GCUtil.m in Sources */ = {isa = PBXBuildFile; fileRef = CC921C08180DB69F00547457 /* NSMutableDictionary+GCUtil.m */; };
		CC921C39180DB69F00547457 /* NSString+QueryString.m in Sources */ = {isa = PBXBuildFile; fileRef = CC921C0A180DB69F00547457 /* NSString+QueryString.m */; };
		CC921C3A180DB69F00547457 /* GCLoginView.m in Sources */ = {isa = PBXBuildFile; fileRef = CC921C0D180DB69F00547457 /* GCLoginView.m */; };
		CC921C3B180DB69F00547457 /* GCPopupView.m in Sources */ = {isa = PBXBuildFile; fileRef = CC921C0F180DB69F00547457 /* GCPopupView.m */; };
		CCBACE931819758200EB598E /* ColorLog.m in Sources */ = {isa = PBXBuildFile; fileRef = CCBACE8E1819758200EB598E /* ColorLog.m */; };
		CCBACE941819758200EB598E /* GCLog.m in Sources */ = {isa = PBXBuildFile; fileRef = CCBACE901819758200EB598E /* GCLog.m */; };
		CCBACE951819758200EB598E /* GCLogFormatter.m in Sources */ = {isa = PBXBuildFile; fileRef = CCBACE921819758200EB598E /* GCLogFormatter.m */; };
		CCC359581689F8CA009E372C /* UIKit.framework in Frameworks */ = {isa = PBXBuildFile; fileRef = CCC359571689F8CA009E372C /* UIKit.framework */; };
		CCC3595A1689F8CA009E372C /* Foundation.framework in Frameworks */ = {isa = PBXBuildFile; fileRef = CCC359591689F8CA009E372C /* Foundation.framework */; };
		CCC3595C1689F8CA009E372C /* CoreGraphics.framework in Frameworks */ = {isa = PBXBuildFile; fileRef = CCC3595B1689F8CA009E372C /* CoreGraphics.framework */; };
		CCC359621689F8CA009E372C /* InfoPlist.strings in Resources */ = {isa = PBXBuildFile; fileRef = CCC359601689F8CA009E372C /* InfoPlist.strings */; };
		CCC359641689F8CA009E372C /* main.m in Sources */ = {isa = PBXBuildFile; fileRef = CCC359631689F8CA009E372C /* main.m */; };
		CCC359681689F8CA009E372C /* AppDelegate.m in Sources */ = {isa = PBXBuildFile; fileRef = CCC359671689F8CA009E372C /* AppDelegate.m */; };
		CCC3596A1689F8CA009E372C /* Default.png in Resources */ = {isa = PBXBuildFile; fileRef = CCC359691689F8CA009E372C /* Default.png */; };
		CCC3596C1689F8CA009E372C /* Default@2x.png in Resources */ = {isa = PBXBuildFile; fileRef = CCC3596B1689F8CA009E372C /* Default@2x.png */; };
		CCC3596E1689F8CA009E372C /* Default-568h@2x.png in Resources */ = {isa = PBXBuildFile; fileRef = CCC3596D1689F8CA009E372C /* Default-568h@2x.png */; };
		CCC359711689F8CA009E372C /* MainStoryboard-iPhone.storyboard in Resources */ = {isa = PBXBuildFile; fileRef = CCC3596F1689F8CA009E372C /* MainStoryboard-iPhone.storyboard */; };
		CCC3597C1689F8CB009E372C /* SenTestingKit.framework in Frameworks */ = {isa = PBXBuildFile; fileRef = CCC3597B1689F8CB009E372C /* SenTestingKit.framework */; };
		CCC3597D1689F8CB009E372C /* UIKit.framework in Frameworks */ = {isa = PBXBuildFile; fileRef = CCC359571689F8CA009E372C /* UIKit.framework */; };
		CCC3597E1689F8CB009E372C /* Foundation.framework in Frameworks */ = {isa = PBXBuildFile; fileRef = CCC359591689F8CA009E372C /* Foundation.framework */; };
		CCC359861689F8CB009E372C /* InfoPlist.strings in Resources */ = {isa = PBXBuildFile; fileRef = CCC359841689F8CB009E372C /* InfoPlist.strings */; };
		CCC359891689F8CC009E372C /* GCAPIv2TestAppTests.m in Sources */ = {isa = PBXBuildFile; fileRef = CCC359881689F8CC009E372C /* GCAPIv2TestAppTests.m */; };
		E49B2422179FF74D004CE8A4 /* AssetsLibrary.framework in Frameworks */ = {isa = PBXBuildFile; fileRef = E49B2421179FF74C004CE8A4 /* AssetsLibrary.framework */; };
		E4A3613317E0C0550058C1ED /* AlbumsViewController.m in Sources */ = {isa = PBXBuildFile; fileRef = E4A3612C17E0C0550058C1ED /* AlbumsViewController.m */; };
		E4A3613417E0C0550058C1ED /* ImageDetailsViewController.m in Sources */ = {isa = PBXBuildFile; fileRef = E4A3612E17E0C0550058C1ED /* ImageDetailsViewController.m */; };
		E4A3613517E0C0550058C1ED /* ImagesViewController.m in Sources */ = {isa = PBXBuildFile; fileRef = E4A3613017E0C0550058C1ED /* ImagesViewController.m */; };
		E4A3613617E0C0550058C1ED /* LoginViewController.m in Sources */ = {isa = PBXBuildFile; fileRef = E4A3613217E0C0550058C1ED /* LoginViewController.m */; };
		E4A3614617E0C0670058C1ED /* chute.png in Resources */ = {isa = PBXBuildFile; fileRef = E4A3613817E0C0660058C1ED /* chute.png */; };
		E4A3614717E0C0670058C1ED /* flag.png in Resources */ = {isa = PBXBuildFile; fileRef = E4A3613917E0C0660058C1ED /* flag.png */; };
		E4A3614817E0C0670058C1ED /* heart.png in Resources */ = {isa = PBXBuildFile; fileRef = E4A3613A17E0C0660058C1ED /* heart.png */; };
		E4A3614917E0C0670058C1ED /* unflag.png in Resources */ = {isa = PBXBuildFile; fileRef = E4A3613B17E0C0660058C1ED /* unflag.png */; };
		E4A3614A17E0C0670058C1ED /* unheart.png in Resources */ = {isa = PBXBuildFile; fileRef = E4A3613C17E0C0660058C1ED /* unheart.png */; };
		E4A3614B17E0C0670058C1ED /* unvote.png in Resources */ = {isa = PBXBuildFile; fileRef = E4A3613D17E0C0660058C1ED /* unvote.png */; };
		E4A3614C17E0C0670058C1ED /* vote.png in Resources */ = {isa = PBXBuildFile; fileRef = E4A3613E17E0C0660058C1ED /* vote.png */; };
		E4A3614D17E0C0670058C1ED /* AlbumViewCell.m in Sources */ = {isa = PBXBuildFile; fileRef = E4A3614117E0C0670058C1ED /* AlbumViewCell.m */; };
		E4A3614E17E0C0670058C1ED /* CommentCell.m in Sources */ = {isa = PBXBuildFile; fileRef = E4A3614317E0C0670058C1ED /* CommentCell.m */; };
		E4A3614F17E0C0670058C1ED /* ImageViewCell.m in Sources */ = {isa = PBXBuildFile; fileRef = E4A3614517E0C0670058C1ED /* ImageViewCell.m */; };
/* End PBXBuildFile section */

/* Begin PBXContainerItemProxy section */
		CCC3597F1689F8CB009E372C /* PBXContainerItemProxy */ = {
			isa = PBXContainerItemProxy;
			containerPortal = CCC3594A1689F8CA009E372C /* Project object */;
			proxyType = 1;
			remoteGlobalIDString = CCC359521689F8CA009E372C;
			remoteInfo = GCAPIv2TestApp;
		};
/* End PBXContainerItemProxy section */

/* Begin PBXFileReference section */
		60F3E5DB13FF428A83AE6167 /* Pods.xcconfig */ = {isa = PBXFileReference; includeInIndex = 1; lastKnownFileType = text.xcconfig; name = Pods.xcconfig; path = Pods/Pods.xcconfig; sourceTree = "<group>"; };
		B4716EB6ABE44C6E822EEF78 /* libPods.a */ = {isa = PBXFileReference; explicitFileType = archive.ar; includeInIndex = 0; path = libPods.a; sourceTree = BUILT_PRODUCTS_DIR; };
		CC492669168A4AC400397C1E /* SystemConfiguration.framework */ = {isa = PBXFileReference; lastKnownFileType = wrapper.framework; name = SystemConfiguration.framework; path = System/Library/Frameworks/SystemConfiguration.framework; sourceTree = SDKROOT; };
		CC49266B168A4ACC00397C1E /* MobileCoreServices.framework */ = {isa = PBXFileReference; lastKnownFileType = wrapper.framework; name = MobileCoreServices.framework; path = System/Library/Frameworks/MobileCoreServices.framework; sourceTree = SDKROOT; };
		CC4DA5141710BA70004E2191 /* QuartzCore.framework */ = {isa = PBXFileReference; lastKnownFileType = wrapper.framework; name = QuartzCore.framework; path = System/Library/Frameworks/QuartzCore.framework; sourceTree = SDKROOT; };
		CC4DA52D17143FFA004E2191 /* MainStoryboard-iPad.storyboard */ = {isa = PBXFileReference; fileEncoding = 4; lastKnownFileType = file.storyboard; path = "MainStoryboard-iPad.storyboard"; sourceTree = "<group>"; };
		CC921BB3180DB69F00547457 /* GCClient.h */ = {isa = PBXFileReference; fileEncoding = 4; lastKnownFileType = sourcecode.c.h; path = GCClient.h; sourceTree = "<group>"; };
		CC921BB4180DB69F00547457 /* GCClient.m */ = {isa = PBXFileReference; fileEncoding = 4; lastKnownFileType = sourcecode.c.objc; path = GCClient.m; sourceTree = "<group>"; };
		CC921BB5180DB69F00547457 /* GCOAuth2Client.h */ = {isa = PBXFileReference; fileEncoding = 4; lastKnownFileType = sourcecode.c.h; path = GCOAuth2Client.h; sourceTree = "<group>"; };
		CC921BB6180DB69F00547457 /* GCOAuth2Client.m */ = {isa = PBXFileReference; fileEncoding = 4; lastKnownFileType = sourcecode.c.objc; path = GCOAuth2Client.m; sourceTree = "<group>"; };
		CC921BB7180DB69F00547457 /* GCUploader.h */ = {isa = PBXFileReference; fileEncoding = 4; lastKnownFileType = sourcecode.c.h; path = GCUploader.h; sourceTree = "<group>"; };
		CC921BB8180DB69F00547457 /* GCUploader.m */ = {isa = PBXFileReference; fileEncoding = 4; lastKnownFileType = sourcecode.c.objc; path = GCUploader.m; sourceTree = "<group>"; };
		CC921BBA180DB69F00547457 /* GCServiceAlbum.h */ = {isa = PBXFileReference; fileEncoding = 4; lastKnownFileType = sourcecode.c.h; path = GCServiceAlbum.h; sourceTree = "<group>"; };
		CC921BBB180DB69F00547457 /* GCServiceAlbum.m */ = {isa = PBXFileReference; fileEncoding = 4; lastKnownFileType = sourcecode.c.objc; path = GCServiceAlbum.m; sourceTree = "<group>"; };
		CC921BBC180DB69F00547457 /* GCServiceAsset.h */ = {isa = PBXFileReference; fileEncoding = 4; lastKnownFileType = sourcecode.c.h; path = GCServiceAsset.h; sourceTree = "<group>"; };
		CC921BBD180DB69F00547457 /* GCServiceAsset.m */ = {isa = PBXFileReference; fileEncoding = 4; lastKnownFileType = sourcecode.c.objc; path = GCServiceAsset.m; sourceTree = "<group>"; };
		CC921BBE180DB69F00547457 /* GCServiceComment.h */ = {isa = PBXFileReference; fileEncoding = 4; lastKnownFileType = sourcecode.c.h; path = GCServiceComment.h; sourceTree = "<group>"; };
		CC921BBF180DB69F00547457 /* GCServiceComment.m */ = {isa = PBXFileReference; fileEncoding = 4; lastKnownFileType = sourcecode.c.objc; path = GCServiceComment.m; sourceTree = "<group>"; };
		CC921BC0180DB69F00547457 /* GCServiceFlag.h */ = {isa = PBXFileReference; fileEncoding = 4; lastKnownFileType = sourcecode.c.h; path = GCServiceFlag.h; sourceTree = "<group>"; };
		CC921BC1180DB69F00547457 /* GCServiceFlag.m */ = {isa = PBXFileReference; fileEncoding = 4; lastKnownFileType = sourcecode.c.objc; path = GCServiceFlag.m; sourceTree = "<group>"; };
		CC921BC2180DB69F00547457 /* GCServiceHeart.h */ = {isa = PBXFileReference; fileEncoding = 4; lastKnownFileType = sourcecode.c.h; path = GCServiceHeart.h; sourceTree = "<group>"; };
		CC921BC3180DB69F00547457 /* GCServiceHeart.m */ = {isa = PBXFileReference; fileEncoding = 4; lastKnownFileType = sourcecode.c.objc; path = GCServiceHeart.m; sourceTree = "<group>"; };
		CC921BC4180DB69F00547457 /* GCServiceTag.h */ = {isa = PBXFileReference; fileEncoding = 4; lastKnownFileType = sourcecode.c.h; path = GCServiceTag.h; sourceTree = "<group>"; };
		CC921BC5180DB69F00547457 /* GCServiceTag.m */ = {isa = PBXFileReference; fileEncoding = 4; lastKnownFileType = sourcecode.c.objc; path = GCServiceTag.m; sourceTree = "<group>"; };
		CC921BC6180DB69F00547457 /* GCServiceVote.h */ = {isa = PBXFileReference; fileEncoding = 4; lastKnownFileType = sourcecode.c.h; path = GCServiceVote.h; sourceTree = "<group>"; };
		CC921BC7180DB69F00547457 /* GCServiceVote.m */ = {isa = PBXFileReference; fileEncoding = 4; lastKnownFileType = sourcecode.c.objc; path = GCServiceVote.m; sourceTree = "<group>"; };
		CC921BC9180DB69F00547457 /* GetChute.h */ = {isa = PBXFileReference; fileEncoding = 4; lastKnownFileType = sourcecode.c.h; path = GetChute.h; sourceTree = "<group>"; };
		CC921BCC180DB69F00547457 /* GCAlbum.h */ = {isa = PBXFileReference; fileEncoding = 4; lastKnownFileType = sourcecode.c.h; path = GCAlbum.h; sourceTree = "<group>"; };
		CC921BCD180DB69F00547457 /* GCAlbum.m */ = {isa = PBXFileReference; fileEncoding = 4; lastKnownFileType = sourcecode.c.objc; path = GCAlbum.m; sourceTree = "<group>"; };
		CC921BCE180DB69F00547457 /* GCApiLimits.h */ = {isa = PBXFileReference; fileEncoding = 4; lastKnownFileType = sourcecode.c.h; path = GCApiLimits.h; sourceTree = "<group>"; };
		CC921BCF180DB69F00547457 /* GCApiLimits.m */ = {isa = PBXFileReference; fileEncoding = 4; lastKnownFileType = sourcecode.c.objc; path = GCApiLimits.m; sourceTree = "<group>"; };
		CC921BD0180DB69F00547457 /* GCAsset.h */ = {isa = PBXFileReference; fileEncoding = 4; lastKnownFileType = sourcecode.c.h; path = GCAsset.h; sourceTree = "<group>"; };
		CC921BD1180DB69F00547457 /* GCAsset.m */ = {isa = PBXFileReference; fileEncoding = 4; lastKnownFileType = sourcecode.c.objc; path = GCAsset.m; sourceTree = "<group>"; };
		CC921BD2180DB69F00547457 /* GCAssetDimensions.h */ = {isa = PBXFileReference; fileEncoding = 4; lastKnownFileType = sourcecode.c.h; path = GCAssetDimensions.h; sourceTree = "<group>"; };
		CC921BD3180DB69F00547457 /* GCAssetDimensions.m */ = {isa = PBXFileReference; fileEncoding = 4; lastKnownFileType = sourcecode.c.objc; path = GCAssetDimensions.m; sourceTree = "<group>"; };
		CC921BD4180DB69F00547457 /* GCAssetSource.h */ = {isa = PBXFileReference; fileEncoding = 4; lastKnownFileType = sourcecode.c.h; path = GCAssetSource.h; sourceTree = "<group>"; };
		CC921BD5180DB69F00547457 /* GCAssetSource.m */ = {isa = PBXFileReference; fileEncoding = 4; lastKnownFileType = sourcecode.c.objc; path = GCAssetSource.m; sourceTree = "<group>"; };
		CC921BD6180DB69F00547457 /* GCComment.h */ = {isa = PBXFileReference; fileEncoding = 4; lastKnownFileType = sourcecode.c.h; path = GCComment.h; sourceTree = "<group>"; };
		CC921BD7180DB69F00547457 /* GCComment.m */ = {isa = PBXFileReference; fileEncoding = 4; lastKnownFileType = sourcecode.c.objc; path = GCComment.m; sourceTree = "<group>"; };
		CC921BD8180DB69F00547457 /* GCCoordinate.h */ = {isa = PBXFileReference; fileEncoding = 4; lastKnownFileType = sourcecode.c.h; path = GCCoordinate.h; sourceTree = "<group>"; };
		CC921BD9180DB69F00547457 /* GCCoordinate.m */ = {isa = PBXFileReference; fileEncoding = 4; lastKnownFileType = sourcecode.c.objc; path = GCCoordinate.m; sourceTree = "<group>"; };
		CC921BDA180DB69F00547457 /* GCCounter.h */ = {isa = PBXFileReference; fileEncoding = 4; lastKnownFileType = sourcecode.c.h; path = GCCounter.h; sourceTree = "<group>"; };
		CC921BDB180DB69F00547457 /* GCCounter.m */ = {isa = PBXFileReference; fileEncoding = 4; lastKnownFileType = sourcecode.c.objc; path = GCCounter.m; sourceTree = "<group>"; };
		CC921BDC180DB69F00547457 /* GCFile.h */ = {isa = PBXFileReference; fileEncoding = 4; lastKnownFileType = sourcecode.c.h; path = GCFile.h; sourceTree = "<group>"; };
		CC921BDD180DB69F00547457 /* GCFile.m */ = {isa = PBXFileReference; fileEncoding = 4; lastKnownFileType = sourcecode.c.objc; path = GCFile.m; sourceTree = "<group>"; };
		CC921BDE180DB69F00547457 /* GCFlag.h */ = {isa = PBXFileReference; fileEncoding = 4; lastKnownFileType = sourcecode.c.h; path = GCFlag.h; sourceTree = "<group>"; };
		CC921BDF180DB69F00547457 /* GCFlag.m */ = {isa = PBXFileReference; fileEncoding = 4; lastKnownFileType = sourcecode.c.objc; path = GCFlag.m; sourceTree = "<group>"; };
		CC921BE0180DB69F00547457 /* GCFlagCount.h */ = {isa = PBXFileReference; fileEncoding = 4; lastKnownFileType = sourcecode.c.h; path = GCFlagCount.h; sourceTree = "<group>"; };
		CC921BE1180DB69F00547457 /* GCFlagCount.m */ = {isa = PBXFileReference; fileEncoding = 4; lastKnownFileType = sourcecode.c.objc; path = GCFlagCount.m; sourceTree = "<group>"; };
		CC921BE2180DB69F00547457 /* GCHeart.h */ = {isa = PBXFileReference; fileEncoding = 4; lastKnownFileType = sourcecode.c.h; path = GCHeart.h; sourceTree = "<group>"; };
		CC921BE3180DB69F00547457 /* GCHeart.m */ = {isa = PBXFileReference; fileEncoding = 4; lastKnownFileType = sourcecode.c.objc; path = GCHeart.m; sourceTree = "<group>"; };
		CC921BE4180DB69F00547457 /* GCHeartCount.h */ = {isa = PBXFileReference; fileEncoding = 4; lastKnownFileType = sourcecode.c.h; path = GCHeartCount.h; sourceTree = "<group>"; };
		CC921BE5180DB69F00547457 /* GCHeartCount.m */ = {isa = PBXFileReference; fileEncoding = 4; lastKnownFileType = sourcecode.c.objc; path = GCHeartCount.m; sourceTree = "<group>"; };
		CC921BE6180DB69F00547457 /* GCImageData.h */ = {isa = PBXFileReference; fileEncoding = 4; lastKnownFileType = sourcecode.c.h; path = GCImageData.h; sourceTree = "<group>"; };
		CC921BE7180DB69F00547457 /* GCImageData.m */ = {isa = PBXFileReference; fileEncoding = 4; lastKnownFileType = sourcecode.c.objc; path = GCImageData.m; sourceTree = "<group>"; };
		CC921BE8180DB69F00547457 /* GCLinks.h */ = {isa = PBXFileReference; fileEncoding = 4; lastKnownFileType = sourcecode.c.h; path = GCLinks.h; sourceTree = "<group>"; };
		CC921BE9180DB69F00547457 /* GCLinks.m */ = {isa = PBXFileReference; fileEncoding = 4; lastKnownFileType = sourcecode.c.objc; path = GCLinks.m; sourceTree = "<group>"; };
		CC921BEA180DB69F00547457 /* GCPagination.h */ = {isa = PBXFileReference; fileEncoding = 4; lastKnownFileType = sourcecode.c.h; path = GCPagination.h; sourceTree = "<group>"; };
		CC921BEB180DB69F00547457 /* GCPagination.m */ = {isa = PBXFileReference; fileEncoding = 4; lastKnownFileType = sourcecode.c.objc; path = GCPagination.m; sourceTree = "<group>"; };
		CC921BEC180DB69F00547457 /* GCResponse.h */ = {isa = PBXFileReference; fileEncoding = 4; lastKnownFileType = sourcecode.c.h; path = GCResponse.h; sourceTree = "<group>"; };
		CC921BED180DB69F00547457 /* GCResponse.m */ = {isa = PBXFileReference; fileEncoding = 4; lastKnownFileType = sourcecode.c.objc; path = GCResponse.m; sourceTree = "<group>"; };
		CC921BEE180DB69F00547457 /* GCResponseStatus.h */ = {isa = PBXFileReference; fileEncoding = 4; lastKnownFileType = sourcecode.c.h; path = GCResponseStatus.h; sourceTree = "<group>"; };
		CC921BEF180DB69F00547457 /* GCResponseStatus.m */ = {isa = PBXFileReference; fileEncoding = 4; lastKnownFileType = sourcecode.c.objc; path = GCResponseStatus.m; sourceTree = "<group>"; };
		CC921BF0180DB69F00547457 /* GCUploadInfo.h */ = {isa = PBXFileReference; fileEncoding = 4; lastKnownFileType = sourcecode.c.h; path = GCUploadInfo.h; sourceTree = "<group>"; };
		CC921BF1180DB69F00547457 /* GCUploadInfo.m */ = {isa = PBXFileReference; fileEncoding = 4; lastKnownFileType = sourcecode.c.objc; path = GCUploadInfo.m; sourceTree = "<group>"; };
		CC921BF2180DB69F00547457 /* GCUploadingAsset.h */ = {isa = PBXFileReference; fileEncoding = 4; lastKnownFileType = sourcecode.c.h; path = GCUploadingAsset.h; sourceTree = "<group>"; };
		CC921BF3180DB69F00547457 /* GCUploadingAsset.m */ = {isa = PBXFileReference; fileEncoding = 4; lastKnownFileType = sourcecode.c.objc; path = GCUploadingAsset.m; sourceTree = "<group>"; };
		CC921BF4180DB69F00547457 /* GCUploads.h */ = {isa = PBXFileReference; fileEncoding = 4; lastKnownFileType = sourcecode.c.h; path = GCUploads.h; sourceTree = "<group>"; };
		CC921BF5180DB69F00547457 /* GCUploads.m */ = {isa = PBXFileReference; fileEncoding = 4; lastKnownFileType = sourcecode.c.objc; path = GCUploads.m; sourceTree = "<group>"; };
		CC921BF6180DB69F00547457 /* GCURL.h */ = {isa = PBXFileReference; fileEncoding = 4; lastKnownFileType = sourcecode.c.h; path = GCURL.h; sourceTree = "<group>"; };
		CC921BF7180DB69F00547457 /* GCURL.m */ = {isa = PBXFileReference; fileEncoding = 4; lastKnownFileType = sourcecode.c.objc; path = GCURL.m; sourceTree = "<group>"; };
		CC921BF8180DB69F00547457 /* GCUser.h */ = {isa = PBXFileReference; fileEncoding = 4; lastKnownFileType = sourcecode.c.h; path = GCUser.h; sourceTree = "<group>"; };
		CC921BF9180DB69F00547457 /* GCUser.m */ = {isa = PBXFileReference; fileEncoding = 4; lastKnownFileType = sourcecode.c.objc; path = GCUser.m; sourceTree = "<group>"; };
		CC921BFA180DB69F00547457 /* GCVote.h */ = {isa = PBXFileReference; fileEncoding = 4; lastKnownFileType = sourcecode.c.h; path = GCVote.h; sourceTree = "<group>"; };
		CC921BFB180DB69F00547457 /* GCVote.m */ = {isa = PBXFileReference; fileEncoding = 4; lastKnownFileType = sourcecode.c.objc; path = GCVote.m; sourceTree = "<group>"; };
		CC921BFC180DB69F00547457 /* GCVoteCount.h */ = {isa = PBXFileReference; fileEncoding = 4; lastKnownFileType = sourcecode.c.h; path = GCVoteCount.h; sourceTree = "<group>"; };
		CC921BFD180DB69F00547457 /* GCVoteCount.m */ = {isa = PBXFileReference; fileEncoding = 4; lastKnownFileType = sourcecode.c.objc; path = GCVoteCount.m; sourceTree = "<group>"; };
		CC921BFF180DB69F00547457 /* GCFileManager.h */ = {isa = PBXFileReference; fileEncoding = 4; lastKnownFileType = sourcecode.c.h; path = GCFileManager.h; sourceTree = "<group>"; };
		CC921C00180DB69F00547457 /* GCFileManager.m */ = {isa = PBXFileReference; fileEncoding = 4; lastKnownFileType = sourcecode.c.objc; path = GCFileManager.m; sourceTree = "<group>"; };
		CC921C01180DB69F00547457 /* GCMD5Hash.c */ = {isa = PBXFileReference; fileEncoding = 4; lastKnownFileType = sourcecode.c.c; path = GCMD5Hash.c; sourceTree = "<group>"; };
		CC921C02180DB69F00547457 /* GCMD5Hash.h */ = {isa = PBXFileReference; fileEncoding = 4; lastKnownFileType = sourcecode.c.h; path = GCMD5Hash.h; sourceTree = "<group>"; };
		CC921C03180DB69F00547457 /* KXDataEncoder.h */ = {isa = PBXFileReference; fileEncoding = 4; lastKnownFileType = sourcecode.c.h; path = KXDataEncoder.h; sourceTree = "<group>"; };
		CC921C04180DB69F00547457 /* KXDataEncoder.m */ = {isa = PBXFileReference; fileEncoding = 4; lastKnownFileType = sourcecode.c.objc; path = KXDataEncoder.m; sourceTree = "<group>"; };
		CC921C05180DB69F00547457 /* NSDictionary+QueryString.h */ = {isa = PBXFileReference; fileEncoding = 4; lastKnownFileType = sourcecode.c.h; path = "NSDictionary+QueryString.h"; sourceTree = "<group>"; };
		CC921C06180DB69F00547457 /* NSDictionary+QueryString.m */ = {isa = PBXFileReference; fileEncoding = 4; lastKnownFileType = sourcecode.c.objc; path = "NSDictionary+QueryString.m"; sourceTree = "<group>"; };
		CC921C07180DB69F00547457 /* NSMutableDictionary+GCUtil.h */ = {isa = PBXFileReference; fileEncoding = 4; lastKnownFileType = sourcecode.c.h; path = "NSMutableDictionary+GCUtil.h"; sourceTree = "<group>"; };
		CC921C08180DB69F00547457 /* NSMutableDictionary+GCUtil.m */ = {isa = PBXFileReference; fileEncoding = 4; lastKnownFileType = sourcecode.c.objc; path = "NSMutableDictionary+GCUtil.m"; sourceTree = "<group>"; };
		CC921C09180DB69F00547457 /* NSString+QueryString.h */ = {isa = PBXFileReference; fileEncoding = 4; lastKnownFileType = sourcecode.c.h; path = "NSString+QueryString.h"; sourceTree = "<group>"; };
		CC921C0A180DB69F00547457 /* NSString+QueryString.m */ = {isa = PBXFileReference; fileEncoding = 4; lastKnownFileType = sourcecode.c.objc; path = "NSString+QueryString.m"; sourceTree = "<group>"; };
		CC921C0C180DB69F00547457 /* GCLoginView.h */ = {isa = PBXFileReference; fileEncoding = 4; lastKnownFileType = sourcecode.c.h; path = GCLoginView.h; sourceTree = "<group>"; };
		CC921C0D180DB69F00547457 /* GCLoginView.m */ = {isa = PBXFileReference; fileEncoding = 4; lastKnownFileType = sourcecode.c.objc; path = GCLoginView.m; sourceTree = "<group>"; };
		CC921C0E180DB69F00547457 /* GCPopupView.h */ = {isa = PBXFileReference; fileEncoding = 4; lastKnownFileType = sourcecode.c.h; path = GCPopupView.h; sourceTree = "<group>"; };
		CC921C0F180DB69F00547457 /* GCPopupView.m */ = {isa = PBXFileReference; fileEncoding = 4; lastKnownFileType = sourcecode.c.objc; path = GCPopupView.m; sourceTree = "<group>"; };
		CCBACE8D1819758200EB598E /* ColorLog.h */ = {isa = PBXFileReference; fileEncoding = 4; lastKnownFileType = sourcecode.c.h; path = ColorLog.h; sourceTree = "<group>"; };
		CCBACE8E1819758200EB598E /* ColorLog.m */ = {isa = PBXFileReference; fileEncoding = 4; lastKnownFileType = sourcecode.c.objc; path = ColorLog.m; sourceTree = "<group>"; };
		CCBACE8F1819758200EB598E /* GCLog.h */ = {isa = PBXFileReference; fileEncoding = 4; lastKnownFileType = sourcecode.c.h; path = GCLog.h; sourceTree = "<group>"; };
		CCBACE901819758200EB598E /* GCLog.m */ = {isa = PBXFileReference; fileEncoding = 4; lastKnownFileType = sourcecode.c.objc; path = GCLog.m; sourceTree = "<group>"; };
		CCBACE911819758200EB598E /* GCLogFormatter.h */ = {isa = PBXFileReference; fileEncoding = 4; lastKnownFileType = sourcecode.c.h; path = GCLogFormatter.h; sourceTree = "<group>"; };
		CCBACE921819758200EB598E /* GCLogFormatter.m */ = {isa = PBXFileReference; fileEncoding = 4; lastKnownFileType = sourcecode.c.objc; path = GCLogFormatter.m; sourceTree = "<group>"; };
		CCC359531689F8CA009E372C /* GCAPIv2TestApp.app */ = {isa = PBXFileReference; explicitFileType = wrapper.application; includeInIndex = 0; path = GCAPIv2TestApp.app; sourceTree = BUILT_PRODUCTS_DIR; };
		CCC359571689F8CA009E372C /* UIKit.framework */ = {isa = PBXFileReference; lastKnownFileType = wrapper.framework; name = UIKit.framework; path = System/Library/Frameworks/UIKit.framework; sourceTree = SDKROOT; };
		CCC359591689F8CA009E372C /* Foundation.framework */ = {isa = PBXFileReference; lastKnownFileType = wrapper.framework; name = Foundation.framework; path = System/Library/Frameworks/Foundation.framework; sourceTree = SDKROOT; };
		CCC3595B1689F8CA009E372C /* CoreGraphics.framework */ = {isa = PBXFileReference; lastKnownFileType = wrapper.framework; name = CoreGraphics.framework; path = System/Library/Frameworks/CoreGraphics.framework; sourceTree = SDKROOT; };
		CCC3595F1689F8CA009E372C /* GCAPIv2TestApp-Info.plist */ = {isa = PBXFileReference; lastKnownFileType = text.plist.xml; path = "GCAPIv2TestApp-Info.plist"; sourceTree = "<group>"; };
		CCC359611689F8CA009E372C /* en */ = {isa = PBXFileReference; lastKnownFileType = text.plist.strings; name = en; path = en.lproj/InfoPlist.strings; sourceTree = "<group>"; };
		CCC359631689F8CA009E372C /* main.m */ = {isa = PBXFileReference; lastKnownFileType = sourcecode.c.objc; path = main.m; sourceTree = "<group>"; };
		CCC359651689F8CA009E372C /* GCAPIv2TestApp-Prefix.pch */ = {isa = PBXFileReference; lastKnownFileType = sourcecode.c.h; path = "GCAPIv2TestApp-Prefix.pch"; sourceTree = "<group>"; };
		CCC359661689F8CA009E372C /* AppDelegate.h */ = {isa = PBXFileReference; lastKnownFileType = sourcecode.c.h; path = AppDelegate.h; sourceTree = "<group>"; };
		CCC359671689F8CA009E372C /* AppDelegate.m */ = {isa = PBXFileReference; lastKnownFileType = sourcecode.c.objc; path = AppDelegate.m; sourceTree = "<group>"; };
		CCC359691689F8CA009E372C /* Default.png */ = {isa = PBXFileReference; lastKnownFileType = image.png; path = Default.png; sourceTree = "<group>"; };
		CCC3596B1689F8CA009E372C /* Default@2x.png */ = {isa = PBXFileReference; lastKnownFileType = image.png; path = "Default@2x.png"; sourceTree = "<group>"; };
		CCC3596D1689F8CA009E372C /* Default-568h@2x.png */ = {isa = PBXFileReference; lastKnownFileType = image.png; path = "Default-568h@2x.png"; sourceTree = "<group>"; };
		CCC359701689F8CA009E372C /* en */ = {isa = PBXFileReference; lastKnownFileType = file.storyboard; name = en; path = "en.lproj/MainStoryboard-iPhone.storyboard"; sourceTree = "<group>"; };
		CCC3597A1689F8CB009E372C /* GCAPIv2TestAppTests.octest */ = {isa = PBXFileReference; explicitFileType = wrapper.cfbundle; includeInIndex = 0; path = GCAPIv2TestAppTests.octest; sourceTree = BUILT_PRODUCTS_DIR; };
		CCC3597B1689F8CB009E372C /* SenTestingKit.framework */ = {isa = PBXFileReference; lastKnownFileType = wrapper.framework; name = SenTestingKit.framework; path = Library/Frameworks/SenTestingKit.framework; sourceTree = DEVELOPER_DIR; };
		CCC359831689F8CB009E372C /* GCAPIv2TestAppTests-Info.plist */ = {isa = PBXFileReference; lastKnownFileType = text.plist.xml; path = "GCAPIv2TestAppTests-Info.plist"; sourceTree = "<group>"; };
		CCC359851689F8CB009E372C /* en */ = {isa = PBXFileReference; lastKnownFileType = text.plist.strings; name = en; path = en.lproj/InfoPlist.strings; sourceTree = "<group>"; };
		CCC359871689F8CC009E372C /* GCAPIv2TestAppTests.h */ = {isa = PBXFileReference; lastKnownFileType = sourcecode.c.h; path = GCAPIv2TestAppTests.h; sourceTree = "<group>"; };
		CCC359881689F8CC009E372C /* GCAPIv2TestAppTests.m */ = {isa = PBXFileReference; lastKnownFileType = sourcecode.c.objc; path = GCAPIv2TestAppTests.m; sourceTree = "<group>"; };
		E49B2421179FF74C004CE8A4 /* AssetsLibrary.framework */ = {isa = PBXFileReference; lastKnownFileType = wrapper.framework; name = AssetsLibrary.framework; path = System/Library/Frameworks/AssetsLibrary.framework; sourceTree = SDKROOT; };
		E4A3612B17E0C0550058C1ED /* AlbumsViewController.h */ = {isa = PBXFileReference; fileEncoding = 4; lastKnownFileType = sourcecode.c.h; path = AlbumsViewController.h; sourceTree = "<group>"; };
		E4A3612C17E0C0550058C1ED /* AlbumsViewController.m */ = {isa = PBXFileReference; fileEncoding = 4; lastKnownFileType = sourcecode.c.objc; path = AlbumsViewController.m; sourceTree = "<group>"; };
		E4A3612D17E0C0550058C1ED /* ImageDetailsViewController.h */ = {isa = PBXFileReference; fileEncoding = 4; lastKnownFileType = sourcecode.c.h; path = ImageDetailsViewController.h; sourceTree = "<group>"; };
		E4A3612E17E0C0550058C1ED /* ImageDetailsViewController.m */ = {isa = PBXFileReference; fileEncoding = 4; lastKnownFileType = sourcecode.c.objc; path = ImageDetailsViewController.m; sourceTree = "<group>"; };
		E4A3612F17E0C0550058C1ED /* ImagesViewController.h */ = {isa = PBXFileReference; fileEncoding = 4; lastKnownFileType = sourcecode.c.h; path = ImagesViewController.h; sourceTree = "<group>"; };
		E4A3613017E0C0550058C1ED /* ImagesViewController.m */ = {isa = PBXFileReference; fileEncoding = 4; lastKnownFileType = sourcecode.c.objc; path = ImagesViewController.m; sourceTree = "<group>"; };
		E4A3613117E0C0550058C1ED /* LoginViewController.h */ = {isa = PBXFileReference; fileEncoding = 4; lastKnownFileType = sourcecode.c.h; path = LoginViewController.h; sourceTree = "<group>"; };
		E4A3613217E0C0550058C1ED /* LoginViewController.m */ = {isa = PBXFileReference; fileEncoding = 4; lastKnownFileType = sourcecode.c.objc; path = LoginViewController.m; sourceTree = "<group>"; };
		E4A3613817E0C0660058C1ED /* chute.png */ = {isa = PBXFileReference; lastKnownFileType = image.png; path = chute.png; sourceTree = "<group>"; };
		E4A3613917E0C0660058C1ED /* flag.png */ = {isa = PBXFileReference; lastKnownFileType = image.png; path = flag.png; sourceTree = "<group>"; };
		E4A3613A17E0C0660058C1ED /* heart.png */ = {isa = PBXFileReference; lastKnownFileType = image.png; path = heart.png; sourceTree = "<group>"; };
		E4A3613B17E0C0660058C1ED /* unflag.png */ = {isa = PBXFileReference; lastKnownFileType = image.png; path = unflag.png; sourceTree = "<group>"; };
		E4A3613C17E0C0660058C1ED /* unheart.png */ = {isa = PBXFileReference; lastKnownFileType = image.png; path = unheart.png; sourceTree = "<group>"; };
		E4A3613D17E0C0660058C1ED /* unvote.png */ = {isa = PBXFileReference; lastKnownFileType = image.png; path = unvote.png; sourceTree = "<group>"; };
		E4A3613E17E0C0660058C1ED /* vote.png */ = {isa = PBXFileReference; lastKnownFileType = image.png; path = vote.png; sourceTree = "<group>"; };
		E4A3614017E0C0660058C1ED /* AlbumViewCell.h */ = {isa = PBXFileReference; fileEncoding = 4; lastKnownFileType = sourcecode.c.h; path = AlbumViewCell.h; sourceTree = "<group>"; };
		E4A3614117E0C0670058C1ED /* AlbumViewCell.m */ = {isa = PBXFileReference; fileEncoding = 4; lastKnownFileType = sourcecode.c.objc; path = AlbumViewCell.m; sourceTree = "<group>"; };
		E4A3614217E0C0670058C1ED /* CommentCell.h */ = {isa = PBXFileReference; fileEncoding = 4; lastKnownFileType = sourcecode.c.h; path = CommentCell.h; sourceTree = "<group>"; };
		E4A3614317E0C0670058C1ED /* CommentCell.m */ = {isa = PBXFileReference; fileEncoding = 4; lastKnownFileType = sourcecode.c.objc; path = CommentCell.m; sourceTree = "<group>"; };
		E4A3614417E0C0670058C1ED /* ImageViewCell.h */ = {isa = PBXFileReference; fileEncoding = 4; lastKnownFileType = sourcecode.c.h; path = ImageViewCell.h; sourceTree = "<group>"; };
		E4A3614517E0C0670058C1ED /* ImageViewCell.m */ = {isa = PBXFileReference; fileEncoding = 4; lastKnownFileType = sourcecode.c.objc; path = ImageViewCell.m; sourceTree = "<group>"; };
/* End PBXFileReference section */

/* Begin PBXFrameworksBuildPhase section */
		CCC359501689F8CA009E372C /* Frameworks */ = {
			isa = PBXFrameworksBuildPhase;
			buildActionMask = 2147483647;
			files = (
				E49B2422179FF74D004CE8A4 /* AssetsLibrary.framework in Frameworks */,
				CC4DA5171710BA7C004E2191 /* QuartzCore.framework in Frameworks */,
				CC49266D168A4AE200397C1E /* MobileCoreServices.framework in Frameworks */,
				CC49266E168A4AE200397C1E /* SystemConfiguration.framework in Frameworks */,
				CCC359581689F8CA009E372C /* UIKit.framework in Frameworks */,
				CCC3595A1689F8CA009E372C /* Foundation.framework in Frameworks */,
				CCC3595C1689F8CA009E372C /* CoreGraphics.framework in Frameworks */,
				26B73345F8574FA6AC075CCB /* libPods.a in Frameworks */,
			);
			runOnlyForDeploymentPostprocessing = 0;
		};
		CCC359761689F8CB009E372C /* Frameworks */ = {
			isa = PBXFrameworksBuildPhase;
			buildActionMask = 2147483647;
			files = (
				CCC3597C1689F8CB009E372C /* SenTestingKit.framework in Frameworks */,
				CCC3597D1689F8CB009E372C /* UIKit.framework in Frameworks */,
				CCC3597E1689F8CB009E372C /* Foundation.framework in Frameworks */,
			);
			runOnlyForDeploymentPostprocessing = 0;
		};
/* End PBXFrameworksBuildPhase section */

/* Begin PBXGroup section */
		CC921BB1180DB69F00547457 /* Chute-SDK */ = {
			isa = PBXGroup;
			children = (
				CC921BC9180DB69F00547457 /* GetChute.h */,
				CC921BB2180DB69F00547457 /* API */,
				CC921BCB180DB69F00547457 /* Models */,
				CC921BFE180DB69F00547457 /* Util */,
				CC921C0B180DB69F00547457 /* Views */,
			);
			name = "Chute-SDK";
			path = "../Chute-SDK";
			sourceTree = "<group>";
		};
		CC921BB2180DB69F00547457 /* API */ = {
			isa = PBXGroup;
			children = (
				CC921BB3180DB69F00547457 /* GCClient.h */,
				CC921BB4180DB69F00547457 /* GCClient.m */,
				CC921BB5180DB69F00547457 /* GCOAuth2Client.h */,
				CC921BB6180DB69F00547457 /* GCOAuth2Client.m */,
				CC921BB7180DB69F00547457 /* GCUploader.h */,
				CC921BB8180DB69F00547457 /* GCUploader.m */,
				CC921BB9180DB69F00547457 /* Services */,
			);
			path = API;
			sourceTree = "<group>";
		};
		CC921BB9180DB69F00547457 /* Services */ = {
			isa = PBXGroup;
			children = (
				CC921BBA180DB69F00547457 /* GCServiceAlbum.h */,
				CC921BBB180DB69F00547457 /* GCServiceAlbum.m */,
				CC921BBC180DB69F00547457 /* GCServiceAsset.h */,
				CC921BBD180DB69F00547457 /* GCServiceAsset.m */,
				CC921BBE180DB69F00547457 /* GCServiceComment.h */,
				CC921BBF180DB69F00547457 /* GCServiceComment.m */,
				CC921BC0180DB69F00547457 /* GCServiceFlag.h */,
				CC921BC1180DB69F00547457 /* GCServiceFlag.m */,
				CC921BC2180DB69F00547457 /* GCServiceHeart.h */,
				CC921BC3180DB69F00547457 /* GCServiceHeart.m */,
				CC921BC4180DB69F00547457 /* GCServiceTag.h */,
				CC921BC5180DB69F00547457 /* GCServiceTag.m */,
				CC921BC6180DB69F00547457 /* GCServiceVote.h */,
				CC921BC7180DB69F00547457 /* GCServiceVote.m */,
			);
			path = Services;
			sourceTree = "<group>";
		};
		CC921BCB180DB69F00547457 /* Models */ = {
			isa = PBXGroup;
			children = (
				CC921BCC180DB69F00547457 /* GCAlbum.h */,
				CC921BCD180DB69F00547457 /* GCAlbum.m */,
				CC921BCE180DB69F00547457 /* GCApiLimits.h */,
				CC921BCF180DB69F00547457 /* GCApiLimits.m */,
				CC921BD0180DB69F00547457 /* GCAsset.h */,
				CC921BD1180DB69F00547457 /* GCAsset.m */,
				CC921BD2180DB69F00547457 /* GCAssetDimensions.h */,
				CC921BD3180DB69F00547457 /* GCAssetDimensions.m */,
				CC921BD4180DB69F00547457 /* GCAssetSource.h */,
				CC921BD5180DB69F00547457 /* GCAssetSource.m */,
				CC921BD6180DB69F00547457 /* GCComment.h */,
				CC921BD7180DB69F00547457 /* GCComment.m */,
				CC921BD8180DB69F00547457 /* GCCoordinate.h */,
				CC921BD9180DB69F00547457 /* GCCoordinate.m */,
				CC921BDA180DB69F00547457 /* GCCounter.h */,
				CC921BDB180DB69F00547457 /* GCCounter.m */,
				CC921BDC180DB69F00547457 /* GCFile.h */,
				CC921BDD180DB69F00547457 /* GCFile.m */,
				CC921BDE180DB69F00547457 /* GCFlag.h */,
				CC921BDF180DB69F00547457 /* GCFlag.m */,
				CC921BE0180DB69F00547457 /* GCFlagCount.h */,
				CC921BE1180DB69F00547457 /* GCFlagCount.m */,
				CC921BE2180DB69F00547457 /* GCHeart.h */,
				CC921BE3180DB69F00547457 /* GCHeart.m */,
				CC921BE4180DB69F00547457 /* GCHeartCount.h */,
				CC921BE5180DB69F00547457 /* GCHeartCount.m */,
				CC921BE6180DB69F00547457 /* GCImageData.h */,
				CC921BE7180DB69F00547457 /* GCImageData.m */,
				CC921BE8180DB69F00547457 /* GCLinks.h */,
				CC921BE9180DB69F00547457 /* GCLinks.m */,
				CC921BEA180DB69F00547457 /* GCPagination.h */,
				CC921BEB180DB69F00547457 /* GCPagination.m */,
				CC921BEC180DB69F00547457 /* GCResponse.h */,
				CC921BED180DB69F00547457 /* GCResponse.m */,
				CC921BEE180DB69F00547457 /* GCResponseStatus.h */,
				CC921BEF180DB69F00547457 /* GCResponseStatus.m */,
				CC921BF0180DB69F00547457 /* GCUploadInfo.h */,
				CC921BF1180DB69F00547457 /* GCUploadInfo.m */,
				CC921BF2180DB69F00547457 /* GCUploadingAsset.h */,
				CC921BF3180DB69F00547457 /* GCUploadingAsset.m */,
				CC921BF4180DB69F00547457 /* GCUploads.h */,
				CC921BF5180DB69F00547457 /* GCUploads.m */,
				CC921BF6180DB69F00547457 /* GCURL.h */,
				CC921BF7180DB69F00547457 /* GCURL.m */,
				CC921BF8180DB69F00547457 /* GCUser.h */,
				CC921BF9180DB69F00547457 /* GCUser.m */,
				CC921BFA180DB69F00547457 /* GCVote.h */,
				CC921BFB180DB69F00547457 /* GCVote.m */,
				CC921BFC180DB69F00547457 /* GCVoteCount.h */,
				CC921BFD180DB69F00547457 /* GCVoteCount.m */,
			);
			path = Models;
			sourceTree = "<group>";
		};
		CC921BFE180DB69F00547457 /* Util */ = {
			isa = PBXGroup;
			children = (
				CCBACE8D1819758200EB598E /* ColorLog.h */,
				CCBACE8E1819758200EB598E /* ColorLog.m */,
				CCBACE8F1819758200EB598E /* GCLog.h */,
				CCBACE901819758200EB598E /* GCLog.m */,
				CCBACE911819758200EB598E /* GCLogFormatter.h */,
				CCBACE921819758200EB598E /* GCLogFormatter.m */,
				CC921BFF180DB69F00547457 /* GCFileManager.h */,
				CC921C00180DB69F00547457 /* GCFileManager.m */,
				CC921C01180DB69F00547457 /* GCMD5Hash.c */,
				CC921C02180DB69F00547457 /* GCMD5Hash.h */,
				CC921C03180DB69F00547457 /* KXDataEncoder.h */,
				CC921C04180DB69F00547457 /* KXDataEncoder.m */,
				CC921C05180DB69F00547457 /* NSDictionary+QueryString.h */,
				CC921C06180DB69F00547457 /* NSDictionary+QueryString.m */,
				CC921C07180DB69F00547457 /* NSMutableDictionary+GCUtil.h */,
				CC921C08180DB69F00547457 /* NSMutableDictionary+GCUtil.m */,
				CC921C09180DB69F00547457 /* NSString+QueryString.h */,
				CC921C0A180DB69F00547457 /* NSString+QueryString.m */,
			);
			path = Util;
			sourceTree = "<group>";
		};
		CC921C0B180DB69F00547457 /* Views */ = {
			isa = PBXGroup;
			children = (
				CC921C0C180DB69F00547457 /* GCLoginView.h */,
				CC921C0D180DB69F00547457 /* GCLoginView.m */,
				CC921C0E180DB69F00547457 /* GCPopupView.h */,
				CC921C0F180DB69F00547457 /* GCPopupView.m */,
			);
			path = Views;
			sourceTree = "<group>";
		};
		CCC359481689F8CA009E372C = {
			isa = PBXGroup;
			children = (
				CC921BB1180DB69F00547457 /* Chute-SDK */,
				CCC3595D1689F8CA009E372C /* GCAPIv2TestApp */,
				CCC359811689F8CB009E372C /* GCAPIv2TestAppTests */,
				CCC359561689F8CA009E372C /* Frameworks */,
				CCC359541689F8CA009E372C /* Products */,
				60F3E5DB13FF428A83AE6167 /* Pods.xcconfig */,
			);
			sourceTree = "<group>";
		};
		CCC359541689F8CA009E372C /* Products */ = {
			isa = PBXGroup;
			children = (
				CCC359531689F8CA009E372C /* GCAPIv2TestApp.app */,
				CCC3597A1689F8CB009E372C /* GCAPIv2TestAppTests.octest */,
			);
			name = Products;
			sourceTree = "<group>";
		};
		CCC359561689F8CA009E372C /* Frameworks */ = {
			isa = PBXGroup;
			children = (
				E49B2421179FF74C004CE8A4 /* AssetsLibrary.framework */,
				CC4DA5141710BA70004E2191 /* QuartzCore.framework */,
				CC49266B168A4ACC00397C1E /* MobileCoreServices.framework */,
				CC492669168A4AC400397C1E /* SystemConfiguration.framework */,
				CCC359571689F8CA009E372C /* UIKit.framework */,
				CCC359591689F8CA009E372C /* Foundation.framework */,
				CCC3595B1689F8CA009E372C /* CoreGraphics.framework */,
				CCC3597B1689F8CB009E372C /* SenTestingKit.framework */,
				B4716EB6ABE44C6E822EEF78 /* libPods.a */,
			);
			name = Frameworks;
			sourceTree = "<group>";
		};
		CCC3595D1689F8CA009E372C /* GCAPIv2TestApp */ = {
			isa = PBXGroup;
			children = (
				E4A3613F17E0C0660058C1ED /* Views */,
				E4A3612A17E0C0550058C1ED /* Controllers */,
				CCC359661689F8CA009E372C /* AppDelegate.h */,
				CCC359671689F8CA009E372C /* AppDelegate.m */,
				CCC3596F1689F8CA009E372C /* MainStoryboard-iPhone.storyboard */,
				CC4DA52D17143FFA004E2191 /* MainStoryboard-iPad.storyboard */,
				E4A3613717E0C0660058C1ED /* Resources */,
				CCC3595E1689F8CA009E372C /* Supporting Files */,
			);
			path = GCAPIv2TestApp;
			sourceTree = "<group>";
		};
		CCC3595E1689F8CA009E372C /* Supporting Files */ = {
			isa = PBXGroup;
			children = (
				CCC3595F1689F8CA009E372C /* GCAPIv2TestApp-Info.plist */,
				CCC359601689F8CA009E372C /* InfoPlist.strings */,
				CCC359631689F8CA009E372C /* main.m */,
				CCC359651689F8CA009E372C /* GCAPIv2TestApp-Prefix.pch */,
				CCC359691689F8CA009E372C /* Default.png */,
				CCC3596B1689F8CA009E372C /* Default@2x.png */,
				CCC3596D1689F8CA009E372C /* Default-568h@2x.png */,
			);
			name = "Supporting Files";
			sourceTree = "<group>";
		};
		CCC359811689F8CB009E372C /* GCAPIv2TestAppTests */ = {
			isa = PBXGroup;
			children = (
				CCC359871689F8CC009E372C /* GCAPIv2TestAppTests.h */,
				CCC359881689F8CC009E372C /* GCAPIv2TestAppTests.m */,
				CCC359821689F8CB009E372C /* Supporting Files */,
			);
			path = GCAPIv2TestAppTests;
			sourceTree = "<group>";
		};
		CCC359821689F8CB009E372C /* Supporting Files */ = {
			isa = PBXGroup;
			children = (
				CCC359831689F8CB009E372C /* GCAPIv2TestAppTests-Info.plist */,
				CCC359841689F8CB009E372C /* InfoPlist.strings */,
			);
			name = "Supporting Files";
			sourceTree = "<group>";
		};
		E4A3612A17E0C0550058C1ED /* Controllers */ = {
			isa = PBXGroup;
			children = (
				E4A3612B17E0C0550058C1ED /* AlbumsViewController.h */,
				E4A3612C17E0C0550058C1ED /* AlbumsViewController.m */,
				E4A3612D17E0C0550058C1ED /* ImageDetailsViewController.h */,
				E4A3612E17E0C0550058C1ED /* ImageDetailsViewController.m */,
				E4A3612F17E0C0550058C1ED /* ImagesViewController.h */,
				E4A3613017E0C0550058C1ED /* ImagesViewController.m */,
				E4A3613117E0C0550058C1ED /* LoginViewController.h */,
				E4A3613217E0C0550058C1ED /* LoginViewController.m */,
			);
			path = Controllers;
			sourceTree = "<group>";
		};
		E4A3613717E0C0660058C1ED /* Resources */ = {
			isa = PBXGroup;
			children = (
				E4A3613817E0C0660058C1ED /* chute.png */,
				E4A3613917E0C0660058C1ED /* flag.png */,
				E4A3613A17E0C0660058C1ED /* heart.png */,
				E4A3613B17E0C0660058C1ED /* unflag.png */,
				E4A3613C17E0C0660058C1ED /* unheart.png */,
				E4A3613D17E0C0660058C1ED /* unvote.png */,
				E4A3613E17E0C0660058C1ED /* vote.png */,
			);
			path = Resources;
			sourceTree = "<group>";
		};
		E4A3613F17E0C0660058C1ED /* Views */ = {
			isa = PBXGroup;
			children = (
				E4A3614017E0C0660058C1ED /* AlbumViewCell.h */,
				E4A3614117E0C0670058C1ED /* AlbumViewCell.m */,
				E4A3614217E0C0670058C1ED /* CommentCell.h */,
				E4A3614317E0C0670058C1ED /* CommentCell.m */,
				E4A3614417E0C0670058C1ED /* ImageViewCell.h */,
				E4A3614517E0C0670058C1ED /* ImageViewCell.m */,
			);
			path = Views;
			sourceTree = "<group>";
		};
/* End PBXGroup section */

/* Begin PBXNativeTarget section */
		CCC359521689F8CA009E372C /* GCAPIv2TestApp */ = {
			isa = PBXNativeTarget;
			buildConfigurationList = CCC3598C1689F8CC009E372C /* Build configuration list for PBXNativeTarget "GCAPIv2TestApp" */;
			buildPhases = (
				94419CE4BC7D4AD8BE006009 /* Check Pods Manifest.lock */,
				CCC3594F1689F8CA009E372C /* Sources */,
				CCC359501689F8CA009E372C /* Frameworks */,
				CCC359511689F8CA009E372C /* Resources */,
				E8264ED580F34B189A6100EF /* Copy Pods Resources */,
			);
			buildRules = (
			);
			dependencies = (
			);
			name = GCAPIv2TestApp;
			productName = GCAPIv2TestApp;
			productReference = CCC359531689F8CA009E372C /* GCAPIv2TestApp.app */;
			productType = "com.apple.product-type.application";
		};
		CCC359791689F8CB009E372C /* GCAPIv2TestAppTests */ = {
			isa = PBXNativeTarget;
			buildConfigurationList = CCC3598F1689F8CC009E372C /* Build configuration list for PBXNativeTarget "GCAPIv2TestAppTests" */;
			buildPhases = (
				CCC359751689F8CB009E372C /* Sources */,
				CCC359761689F8CB009E372C /* Frameworks */,
				CCC359771689F8CB009E372C /* Resources */,
				CCC359781689F8CB009E372C /* ShellScript */,
			);
			buildRules = (
			);
			dependencies = (
				CCC359801689F8CB009E372C /* PBXTargetDependency */,
			);
			name = GCAPIv2TestAppTests;
			productName = GCAPIv2TestAppTests;
			productReference = CCC3597A1689F8CB009E372C /* GCAPIv2TestAppTests.octest */;
			productType = "com.apple.product-type.bundle";
		};
/* End PBXNativeTarget section */

/* Begin PBXProject section */
		CCC3594A1689F8CA009E372C /* Project object */ = {
			isa = PBXProject;
			attributes = {
				LastUpgradeCheck = 0500;
				ORGANIZATIONNAME = "Aleksandar Trpeski";
			};
			buildConfigurationList = CCC3594D1689F8CA009E372C /* Build configuration list for PBXProject "GCAPIv2TestApp" */;
			compatibilityVersion = "Xcode 3.2";
			developmentRegion = English;
			hasScannedForEncodings = 0;
			knownRegions = (
				en,
			);
			mainGroup = CCC359481689F8CA009E372C;
			productRefGroup = CCC359541689F8CA009E372C /* Products */;
			projectDirPath = "";
			projectRoot = "";
			targets = (
				CCC359521689F8CA009E372C /* GCAPIv2TestApp */,
				CCC359791689F8CB009E372C /* GCAPIv2TestAppTests */,
			);
		};
/* End PBXProject section */

/* Begin PBXResourcesBuildPhase section */
		CCC359511689F8CA009E372C /* Resources */ = {
			isa = PBXResourcesBuildPhase;
			buildActionMask = 2147483647;
			files = (
				CCC359621689F8CA009E372C /* InfoPlist.strings in Resources */,
				CCC3596A1689F8CA009E372C /* Default.png in Resources */,
				CCC3596C1689F8CA009E372C /* Default@2x.png in Resources */,
				CCC3596E1689F8CA009E372C /* Default-568h@2x.png in Resources */,
				CCC359711689F8CA009E372C /* MainStoryboard-iPhone.storyboard in Resources */,
				CC4DA52E17143FFA004E2191 /* MainStoryboard-iPad.storyboard in Resources */,
				E4A3614617E0C0670058C1ED /* chute.png in Resources */,
				E4A3614717E0C0670058C1ED /* flag.png in Resources */,
				E4A3614817E0C0670058C1ED /* heart.png in Resources */,
				E4A3614917E0C0670058C1ED /* unflag.png in Resources */,
				E4A3614A17E0C0670058C1ED /* unheart.png in Resources */,
				E4A3614B17E0C0670058C1ED /* unvote.png in Resources */,
				E4A3614C17E0C0670058C1ED /* vote.png in Resources */,
			);
			runOnlyForDeploymentPostprocessing = 0;
		};
		CCC359771689F8CB009E372C /* Resources */ = {
			isa = PBXResourcesBuildPhase;
			buildActionMask = 2147483647;
			files = (
				CCC359861689F8CB009E372C /* InfoPlist.strings in Resources */,
			);
			runOnlyForDeploymentPostprocessing = 0;
		};
/* End PBXResourcesBuildPhase section */

/* Begin PBXShellScriptBuildPhase section */
		94419CE4BC7D4AD8BE006009 /* Check Pods Manifest.lock */ = {
			isa = PBXShellScriptBuildPhase;
			buildActionMask = 2147483647;
			files = (
			);
			inputPaths = (
			);
			name = "Check Pods Manifest.lock";
			outputPaths = (
			);
			runOnlyForDeploymentPostprocessing = 0;
			shellPath = /bin/sh;
			shellScript = "diff \"${PODS_ROOT}/../Podfile.lock\" \"${PODS_ROOT}/Manifest.lock\" > /dev/null\nif [[ $? != 0 ]] ; then\n    cat << EOM\nerror: The sanbox is not in sync with the Podfile.lock. Run 'pod install'.\nEOM\n    exit 1\nfi\n";
		};
		CCC359781689F8CB009E372C /* ShellScript */ = {
			isa = PBXShellScriptBuildPhase;
			buildActionMask = 2147483647;
			files = (
			);
			inputPaths = (
			);
			outputPaths = (
			);
			runOnlyForDeploymentPostprocessing = 0;
			shellPath = /bin/sh;
			shellScript = "# Run the unit tests in this test bundle.\n\"${SYSTEM_DEVELOPER_DIR}/Tools/RunUnitTests\"\n";
		};
		E8264ED580F34B189A6100EF /* Copy Pods Resources */ = {
			isa = PBXShellScriptBuildPhase;
			buildActionMask = 2147483647;
			files = (
			);
			inputPaths = (
			);
			name = "Copy Pods Resources";
			outputPaths = (
			);
			runOnlyForDeploymentPostprocessing = 0;
			shellPath = /bin/sh;
			shellScript = "\"${SRCROOT}/Pods/Pods-resources.sh\"\n";
			showEnvVarsInLog = 0;
		};
/* End PBXShellScriptBuildPhase section */

/* Begin PBXSourcesBuildPhase section */
		CCC3594F1689F8CA009E372C /* Sources */ = {
			isa = PBXSourcesBuildPhase;
			buildActionMask = 2147483647;
			files = (
				CCBACE941819758200EB598E /* GCLog.m in Sources */,
				CC921C22180DB69F00547457 /* GCCounter.m in Sources */,
				CC921C13180DB69F00547457 /* GCServiceAlbum.m in Sources */,
				CC921C26180DB69F00547457 /* GCHeart.m in Sources */,
				CC921C2D180DB69F00547457 /* GCUploadInfo.m in Sources */,
				CCBACE931819758200EB598E /* ColorLog.m in Sources */,
				CC921C1E180DB69F00547457 /* GCAssetDimensions.m in Sources */,
				CC921C2C180DB69F00547457 /* GCResponseStatus.m in Sources */,
				CC921C1F180DB69F00547457 /* GCAssetSource.m in Sources */,
				CC921C32180DB69F00547457 /* GCVote.m in Sources */,
				CCBACE951819758200EB598E /* GCLogFormatter.m in Sources */,
				CC921C10180DB69F00547457 /* GCClient.m in Sources */,
				CC921C18180DB69F00547457 /* GCServiceTag.m in Sources */,
				CC921C35180DB69F00547457 /* GCMD5Hash.c in Sources */,
				CC921C39180DB69F00547457 /* NSString+QueryString.m in Sources */,
				CC921C12180DB69F00547457 /* GCUploader.m in Sources */,
				CCC359641689F8CA009E372C /* main.m in Sources */,
				CC921C11180DB69F00547457 /* GCOAuth2Client.m in Sources */,
				CCC359681689F8CA009E372C /* AppDelegate.m in Sources */,
				CC921C20180DB69F00547457 /* GCComment.m in Sources */,
				CC921C15180DB69F00547457 /* GCServiceComment.m in Sources */,
				E4A3613317E0C0550058C1ED /* AlbumsViewController.m in Sources */,
				CC921C37180DB69F00547457 /* NSDictionary+QueryString.m in Sources */,
				E4A3613417E0C0550058C1ED /* ImageDetailsViewController.m in Sources */,
				CC921C29180DB69F00547457 /* GCLinks.m in Sources */,
				CC921C3A180DB69F00547457 /* GCLoginView.m in Sources */,
				CC921C2E180DB69F00547457 /* GCUploadingAsset.m in Sources */,
				CC921C2B180DB69F00547457 /* GCResponse.m in Sources */,
				CC921C36180DB69F00547457 /* KXDataEncoder.m in Sources */,
				CC921C31180DB69F00547457 /* GCUser.m in Sources */,
				CC921C2A180DB69F00547457 /* GCPagination.m in Sources */,
				CC921C38180DB69F00547457 /* NSMutableDictionary+GCUtil.m in Sources */,
				E4A3613517E0C0550058C1ED /* ImagesViewController.m in Sources */,
				CC921C34180DB69F00547457 /* GCFileManager.m in Sources */,
				CC921C28180DB69F00547457 /* GCImageData.m in Sources */,
				E4A3613617E0C0550058C1ED /* LoginViewController.m in Sources */,
				CC921C27180DB69F00547457 /* GCHeartCount.m in Sources */,
				CC921C24180DB69F00547457 /* GCFlag.m in Sources */,
				CC921C30180DB69F00547457 /* GCURL.m in Sources */,
				CC921C25180DB69F00547457 /* GCFlagCount.m in Sources */,
				E4A3614D17E0C0670058C1ED /* AlbumViewCell.m in Sources */,
				E4A3614E17E0C0670058C1ED /* CommentCell.m in Sources */,
				CC921C23180DB69F00547457 /* GCFile.m in Sources */,
				CC921C1B180DB69F00547457 /* GCAlbum.m in Sources */,
				CC921C14180DB69F00547457 /* GCServiceAsset.m in Sources */,
				CC921C21180DB69F00547457 /* GCCoordinate.m in Sources */,
				CC921C2F180DB69F00547457 /* GCUploads.m in Sources */,
				E4A3614F17E0C0670058C1ED /* ImageViewCell.m in Sources */,
				CC921C1D180DB69F00547457 /* GCAsset.m in Sources */,
				CC921C3B180DB69F00547457 /* GCPopupView.m in Sources */,
				CC921C19180DB69F00547457 /* GCServiceVote.m in Sources */,
				CC921C17180DB69F00547457 /* GCServiceHeart.m in Sources */,
				CC921C1C180DB69F00547457 /* GCApiLimits.m in Sources */,
				CC921C33180DB69F00547457 /* GCVoteCount.m in Sources */,
				CC921C16180DB69F00547457 /* GCServiceFlag.m in Sources */,
			);
			runOnlyForDeploymentPostprocessing = 0;
		};
		CCC359751689F8CB009E372C /* Sources */ = {
			isa = PBXSourcesBuildPhase;
			buildActionMask = 2147483647;
			files = (
				CCC359891689F8CC009E372C /* GCAPIv2TestAppTests.m in Sources */,
			);
			runOnlyForDeploymentPostprocessing = 0;
		};
/* End PBXSourcesBuildPhase section */

/* Begin PBXTargetDependency section */
		CCC359801689F8CB009E372C /* PBXTargetDependency */ = {
			isa = PBXTargetDependency;
			target = CCC359521689F8CA009E372C /* GCAPIv2TestApp */;
			targetProxy = CCC3597F1689F8CB009E372C /* PBXContainerItemProxy */;
		};
/* End PBXTargetDependency section */

/* Begin PBXVariantGroup section */
		CCC359601689F8CA009E372C /* InfoPlist.strings */ = {
			isa = PBXVariantGroup;
			children = (
				CCC359611689F8CA009E372C /* en */,
			);
			name = InfoPlist.strings;
			sourceTree = "<group>";
		};
		CCC3596F1689F8CA009E372C /* MainStoryboard-iPhone.storyboard */ = {
			isa = PBXVariantGroup;
			children = (
				CCC359701689F8CA009E372C /* en */,
			);
			name = "MainStoryboard-iPhone.storyboard";
			sourceTree = "<group>";
		};
		CCC359841689F8CB009E372C /* InfoPlist.strings */ = {
			isa = PBXVariantGroup;
			children = (
				CCC359851689F8CB009E372C /* en */,
			);
			name = InfoPlist.strings;
			sourceTree = "<group>";
		};
/* End PBXVariantGroup section */

/* Begin XCBuildConfiguration section */
		CCC3598A1689F8CC009E372C /* Debug */ = {
			isa = XCBuildConfiguration;
			buildSettings = {
				ALWAYS_SEARCH_USER_PATHS = YES;
				CLANG_CXX_LANGUAGE_STANDARD = "gnu++0x";
				CLANG_CXX_LIBRARY = "libc++";
				CLANG_ENABLE_OBJC_ARC = YES;
				CLANG_WARN_EMPTY_BODY = YES;
				CLANG_WARN__DUPLICATE_METHOD_MATCH = YES;
				CODE_SIGN_IDENTITY = "iPhone Developer: Aleksandar Trpeski (7R77UE2JVS)";
				"CODE_SIGN_IDENTITY[sdk=iphoneos*]" = "iPhone Developer";
				COPY_PHASE_STRIP = NO;
				FRAMEWORK_SEARCH_PATHS = "/Users/aleksandartrpeski/Documents/Chute/GetChute/**";
				GCC_C_LANGUAGE_STANDARD = gnu99;
				GCC_DYNAMIC_NO_PIC = NO;
				GCC_OPTIMIZATION_LEVEL = 0;
				GCC_PREPROCESSOR_DEFINITIONS = (
					"DEBUG=1",
					"$(inherited)",
				);
				GCC_SYMBOLS_PRIVATE_EXTERN = NO;
				GCC_WARN_ABOUT_RETURN_TYPE = YES;
				GCC_WARN_UNINITIALIZED_AUTOS = YES;
				GCC_WARN_UNUSED_VARIABLE = YES;
				IPHONEOS_DEPLOYMENT_TARGET = 6.0;
				ONLY_ACTIVE_ARCH = NO;
				OTHER_LDFLAGS = (
					"-ObjC",
					"-all_load",
				);
				PROVISIONING_PROFILE = "0B8EC19B-AF03-4B54-B30B-23C60AC5F855";
				SDKROOT = iphoneos;
				USER_HEADER_SEARCH_PATHS = "/Users/aleksandartrpeski/Documents/Chute/GetChute/**";
			};
			name = Debug;
		};
		CCC3598B1689F8CC009E372C /* Release */ = {
			isa = XCBuildConfiguration;
			buildSettings = {
				ALWAYS_SEARCH_USER_PATHS = YES;
				CLANG_CXX_LANGUAGE_STANDARD = "gnu++0x";
				CLANG_CXX_LIBRARY = "libc++";
				CLANG_ENABLE_OBJC_ARC = YES;
				CLANG_WARN_EMPTY_BODY = YES;
				CLANG_WARN__DUPLICATE_METHOD_MATCH = YES;
				CODE_SIGN_IDENTITY = "iPhone Developer: Aleksandar Trpeski (7R77UE2JVS)";
				"CODE_SIGN_IDENTITY[sdk=iphoneos*]" = "iPhone Developer";
				COPY_PHASE_STRIP = YES;
				FRAMEWORK_SEARCH_PATHS = "/Users/aleksandartrpeski/Documents/Chute/GetChute/**";
				GCC_C_LANGUAGE_STANDARD = gnu99;
				GCC_WARN_ABOUT_RETURN_TYPE = YES;
				GCC_WARN_UNINITIALIZED_AUTOS = YES;
				GCC_WARN_UNUSED_VARIABLE = YES;
				IPHONEOS_DEPLOYMENT_TARGET = 6.0;
				ONLY_ACTIVE_ARCH = NO;
				OTHER_CFLAGS = "-DNS_BLOCK_ASSERTIONS=1";
				OTHER_LDFLAGS = (
					"-ObjC",
					"-all_load",
				);
				PROVISIONING_PROFILE = "0B8EC19B-AF03-4B54-B30B-23C60AC5F855";
				SDKROOT = iphoneos;
				USER_HEADER_SEARCH_PATHS = "/Users/aleksandartrpeski/Documents/Chute/GetChute/**";
				VALIDATE_PRODUCT = YES;
			};
			name = Release;
		};
		CCC3598D1689F8CC009E372C /* Debug */ = {
			isa = XCBuildConfiguration;
			baseConfigurationReference = 60F3E5DB13FF428A83AE6167 /* Pods.xcconfig */;
			buildSettings = {
				ALWAYS_SEARCH_USER_PATHS = YES;
				CODE_SIGN_IDENTITY = "iPhone Developer: Aleksandar Trpeski (7R77UE2JVS)";
				FRAMEWORK_SEARCH_PATHS = (
					"\"$(SRCROOT)\"",
					"$(inherited)",
				);
				GCC_PRECOMPILE_PREFIX_HEADER = YES;
				GCC_PREFIX_HEADER = "GCAPIv2TestApp/GCAPIv2TestApp-Prefix.pch";
				INFOPLIST_FILE = "GCAPIv2TestApp/GCAPIv2TestApp-Info.plist";
				IPHONEOS_DEPLOYMENT_TARGET = 6.0;
				PRODUCT_NAME = "$(TARGET_NAME)";
				PROVISIONING_PROFILE = "DFA4179E-F722-427E-8F85-26B037950A63";
				TARGETED_DEVICE_FAMILY = "1,2";
				USER_HEADER_SEARCH_PATHS = "";
				WRAPPER_EXTENSION = app;
			};
			name = Debug;
		};
		CCC3598E1689F8CC009E372C /* Release */ = {
			isa = XCBuildConfiguration;
			baseConfigurationReference = 60F3E5DB13FF428A83AE6167 /* Pods.xcconfig */;
			buildSettings = {
				ALWAYS_SEARCH_USER_PATHS = YES;
				CODE_SIGN_IDENTITY = "iPhone Developer: Aleksandar Trpeski (7R77UE2JVS)";
				FRAMEWORK_SEARCH_PATHS = (
					"\"$(SRCROOT)\"",
					"$(inherited)",
				);
				GCC_PRECOMPILE_PREFIX_HEADER = YES;
				GCC_PREFIX_HEADER = "GCAPIv2TestApp/GCAPIv2TestApp-Prefix.pch";
				INFOPLIST_FILE = "GCAPIv2TestApp/GCAPIv2TestApp-Info.plist";
				IPHONEOS_DEPLOYMENT_TARGET = 6.0;
				PRODUCT_NAME = "$(TARGET_NAME)";
				PROVISIONING_PROFILE = "DFA4179E-F722-427E-8F85-26B037950A63";
				TARGETED_DEVICE_FAMILY = "1,2";
				USER_HEADER_SEARCH_PATHS = "";
				WRAPPER_EXTENSION = app;
			};
			name = Release;
		};
		CCC359901689F8CC009E372C /* Debug */ = {
			isa = XCBuildConfiguration;
			buildSettings = {
				BUNDLE_LOADER = "$(BUILT_PRODUCTS_DIR)/GCAPIv2TestApp.app/GCAPIv2TestApp";
				FRAMEWORK_SEARCH_PATHS = (
					"\"$(SDKROOT)/Developer/Library/Frameworks\"",
					"\"$(DEVELOPER_LIBRARY_DIR)/Frameworks\"",
					"\"$(SRCROOT)\"",
				);
				GCC_PRECOMPILE_PREFIX_HEADER = YES;
				GCC_PREFIX_HEADER = "GCAPIv2TestApp/GCAPIv2TestApp-Prefix.pch";
				INFOPLIST_FILE = "GCAPIv2TestAppTests/GCAPIv2TestAppTests-Info.plist";
				PRODUCT_NAME = "$(TARGET_NAME)";
				TEST_HOST = "$(BUNDLE_LOADER)";
				WRAPPER_EXTENSION = octest;
			};
			name = Debug;
		};
		CCC359911689F8CC009E372C /* Release */ = {
			isa = XCBuildConfiguration;
			buildSettings = {
				BUNDLE_LOADER = "$(BUILT_PRODUCTS_DIR)/GCAPIv2TestApp.app/GCAPIv2TestApp";
				FRAMEWORK_SEARCH_PATHS = (
					"\"$(SDKROOT)/Developer/Library/Frameworks\"",
					"\"$(DEVELOPER_LIBRARY_DIR)/Frameworks\"",
					"\"$(SRCROOT)\"",
				);
				GCC_PRECOMPILE_PREFIX_HEADER = YES;
				GCC_PREFIX_HEADER = "GCAPIv2TestApp/GCAPIv2TestApp-Prefix.pch";
				INFOPLIST_FILE = "GCAPIv2TestAppTests/GCAPIv2TestAppTests-Info.plist";
				PRODUCT_NAME = "$(TARGET_NAME)";
				TEST_HOST = "$(BUNDLE_LOADER)";
				WRAPPER_EXTENSION = octest;
			};
			name = Release;
		};
/* End XCBuildConfiguration section */

/* Begin XCConfigurationList section */
		CCC3594D1689F8CA009E372C /* Build configuration list for PBXProject "GCAPIv2TestApp" */ = {
			isa = XCConfigurationList;
			buildConfigurations = (
				CCC3598A1689F8CC009E372C /* Debug */,
				CCC3598B1689F8CC009E372C /* Release */,
			);
			defaultConfigurationIsVisible = 0;
			defaultConfigurationName = Release;
		};
		CCC3598C1689F8CC009E372C /* Build configuration list for PBXNativeTarget "GCAPIv2TestApp" */ = {
			isa = XCConfigurationList;
			buildConfigurations = (
				CCC3598D1689F8CC009E372C /* Debug */,
				CCC3598E1689F8CC009E372C /* Release */,
			);
			defaultConfigurationIsVisible = 0;
			defaultConfigurationName = Release;
		};
		CCC3598F1689F8CC009E372C /* Build configuration list for PBXNativeTarget "GCAPIv2TestAppTests" */ = {
			isa = XCConfigurationList;
			buildConfigurations = (
				CCC359901689F8CC009E372C /* Debug */,
				CCC359911689F8CC009E372C /* Release */,
			);
			defaultConfigurationIsVisible = 0;
			defaultConfigurationName = Release;
		};
/* End XCConfigurationList section */
	};
	rootObject = CCC3594A1689F8CA009E372C /* Project object */;
}
