// !$*UTF8*$!
{
	archiveVersion = 1;
	classes = {
	};
	objectVersion = 46;
	objects = {

/* Begin PBXBuildFile section */
		26B73345F8574FA6AC075CCB /* libPods.a in Frameworks */ = {isa = PBXBuildFile; fileRef = B4716EB6ABE44C6E822EEF78 /* libPods.a */; };
		CC49266D168A4AE200397C1E /* MobileCoreServices.framework in Frameworks */ = {isa = PBXBuildFile; fileRef = CC49266B168A4ACC00397C1E /* MobileCoreServices.framework */; };
		CC49266E168A4AE200397C1E /* SystemConfiguration.framework in Frameworks */ = {isa = PBXBuildFile; fileRef = CC492669168A4AC400397C1E /* SystemConfiguration.framework */; };
		CC4DA5171710BA7C004E2191 /* QuartzCore.framework in Frameworks */ = {isa = PBXBuildFile; fileRef = CC4DA5141710BA70004E2191 /* QuartzCore.framework */; };
		CC4DA52E17143FFA004E2191 /* MainStoryboard-iPad.storyboard in Resources */ = {isa = PBXBuildFile; fileRef = CC4DA52D17143FFA004E2191 /* MainStoryboard-iPad.storyboard */; };
		CCC359581689F8CA009E372C /* UIKit.framework in Frameworks */ = {isa = PBXBuildFile; fileRef = CCC359571689F8CA009E372C /* UIKit.framework */; };
		CCC3595A1689F8CA009E372C /* Foundation.framework in Frameworks */ = {isa = PBXBuildFile; fileRef = CCC359591689F8CA009E372C /* Foundation.framework */; };
		CCC3595C1689F8CA009E372C /* CoreGraphics.framework in Frameworks */ = {isa = PBXBuildFile; fileRef = CCC3595B1689F8CA009E372C /* CoreGraphics.framework */; };
		CCC359621689F8CA009E372C /* InfoPlist.strings in Resources */ = {isa = PBXBuildFile; fileRef = CCC359601689F8CA009E372C /* InfoPlist.strings */; };
		CCC359641689F8CA009E372C /* main.m in Sources */ = {isa = PBXBuildFile; fileRef = CCC359631689F8CA009E372C /* main.m */; };
		CCC359681689F8CA009E372C /* AppDelegate.m in Sources */ = {isa = PBXBuildFile; fileRef = CCC359671689F8CA009E372C /* AppDelegate.m */; };
		CCC3596A1689F8CA009E372C /* Default.png in Resources */ = {isa = PBXBuildFile; fileRef = CCC359691689F8CA009E372C /* Default.png */; };
		CCC3596C1689F8CA009E372C /* Default@2x.png in Resources */ = {isa = PBXBuildFile; fileRef = CCC3596B1689F8CA009E372C /* Default@2x.png */; };
		CCC3596E1689F8CA009E372C /* Default-568h@2x.png in Resources */ = {isa = PBXBuildFile; fileRef = CCC3596D1689F8CA009E372C /* Default-568h@2x.png */; };
		CCC359711689F8CA009E372C /* MainStoryboard-iPhone.storyboard in Resources */ = {isa = PBXBuildFile; fileRef = CCC3596F1689F8CA009E372C /* MainStoryboard-iPhone.storyboard */; };
		CCC3597C1689F8CB009E372C /* SenTestingKit.framework in Frameworks */ = {isa = PBXBuildFile; fileRef = CCC3597B1689F8CB009E372C /* SenTestingKit.framework */; };
		CCC3597D1689F8CB009E372C /* UIKit.framework in Frameworks */ = {isa = PBXBuildFile; fileRef = CCC359571689F8CA009E372C /* UIKit.framework */; };
		CCC3597E1689F8CB009E372C /* Foundation.framework in Frameworks */ = {isa = PBXBuildFile; fileRef = CCC359591689F8CA009E372C /* Foundation.framework */; };
		CCC359861689F8CB009E372C /* InfoPlist.strings in Resources */ = {isa = PBXBuildFile; fileRef = CCC359841689F8CB009E372C /* InfoPlist.strings */; };
		CCC359891689F8CC009E372C /* GCAPIv2TestAppTests.m in Sources */ = {isa = PBXBuildFile; fileRef = CCC359881689F8CC009E372C /* GCAPIv2TestAppTests.m */; };
		CCD3C3D618284C5100E31F78 /* GCConfiguration.m in Sources */ = {isa = PBXBuildFile; fileRef = CCD3C3D318284C5100E31F78 /* GCConfiguration.m */; };
		CCD3C3D718284C5100E31F78 /* GCConfigurationFile.m in Sources */ = {isa = PBXBuildFile; fileRef = CCD3C3D518284C5100E31F78 /* GCConfigurationFile.m */; };
		CCD3C3DA1828527300E31F78 /* GCConfiguration-Sample.plist in Resources */ = {isa = PBXBuildFile; fileRef = CCD3C3D81828527300E31F78 /* GCConfiguration-Sample.plist */; };
		CCD3C3DB1828527300E31F78 /* GCConfiguration.plist in Resources */ = {isa = PBXBuildFile; fileRef = CCD3C3D91828527300E31F78 /* GCConfiguration.plist */; };
		E40CE344181EC56C007668FD /* GCClient.m in Sources */ = {isa = PBXBuildFile; fileRef = E40CE2DF181EC56C007668FD /* GCClient.m */; };
		E40CE345181EC56C007668FD /* GCOAuth2Client.m in Sources */ = {isa = PBXBuildFile; fileRef = E40CE2E1181EC56C007668FD /* GCOAuth2Client.m */; };
		E40CE346181EC56C007668FD /* GCUploader.m in Sources */ = {isa = PBXBuildFile; fileRef = E40CE2E3181EC56C007668FD /* GCUploader.m */; };
		E40CE347181EC56C007668FD /* GCServiceAccount.m in Sources */ = {isa = PBXBuildFile; fileRef = E40CE2E6181EC56C007668FD /* GCServiceAccount.m */; };
		E40CE348181EC56C007668FD /* GCServiceAlbum.m in Sources */ = {isa = PBXBuildFile; fileRef = E40CE2E8181EC56C007668FD /* GCServiceAlbum.m */; };
		E40CE349181EC56C007668FD /* GCServiceAsset.m in Sources */ = {isa = PBXBuildFile; fileRef = E40CE2EA181EC56C007668FD /* GCServiceAsset.m */; };
		E40CE34A181EC56C007668FD /* GCServiceComment.m in Sources */ = {isa = PBXBuildFile; fileRef = E40CE2EC181EC56C007668FD /* GCServiceComment.m */; };
		E40CE34B181EC56C007668FD /* GCServiceFlag.m in Sources */ = {isa = PBXBuildFile; fileRef = E40CE2EE181EC56C007668FD /* GCServiceFlag.m */; };
		E40CE34C181EC56C007668FD /* GCServiceHeart.m in Sources */ = {isa = PBXBuildFile; fileRef = E40CE2F0181EC56C007668FD /* GCServiceHeart.m */; };
		E40CE34D181EC56C007668FD /* GCServiceTag.m in Sources */ = {isa = PBXBuildFile; fileRef = E40CE2F2181EC56C007668FD /* GCServiceTag.m */; };
		E40CE34E181EC56C007668FD /* GCServiceVote.m in Sources */ = {isa = PBXBuildFile; fileRef = E40CE2F4181EC56C007668FD /* GCServiceVote.m */; };
		E40CE34F181EC56C007668FD /* GCAccount.m in Sources */ = {isa = PBXBuildFile; fileRef = E40CE2F9181EC56C007668FD /* GCAccount.m */; };
		E40CE350181EC56C007668FD /* GCAlbum.m in Sources */ = {isa = PBXBuildFile; fileRef = E40CE2FB181EC56C007668FD /* GCAlbum.m */; };
		E40CE351181EC56C007668FD /* GCApiLimits.m in Sources */ = {isa = PBXBuildFile; fileRef = E40CE2FD181EC56C007668FD /* GCApiLimits.m */; };
		E40CE352181EC56C007668FD /* GCAsset.m in Sources */ = {isa = PBXBuildFile; fileRef = E40CE2FF181EC56C007668FD /* GCAsset.m */; };
		E40CE353181EC56C007668FD /* GCAssetDimensions.m in Sources */ = {isa = PBXBuildFile; fileRef = E40CE301181EC56C007668FD /* GCAssetDimensions.m */; };
		E40CE354181EC56C007668FD /* GCAssetSource.m in Sources */ = {isa = PBXBuildFile; fileRef = E40CE303181EC56C007668FD /* GCAssetSource.m */; };
		E40CE355181EC56C007668FD /* GCComment.m in Sources */ = {isa = PBXBuildFile; fileRef = E40CE305181EC56C007668FD /* GCComment.m */; };
		E40CE356181EC56C007668FD /* GCCoordinate.m in Sources */ = {isa = PBXBuildFile; fileRef = E40CE307181EC56C007668FD /* GCCoordinate.m */; };
		E40CE357181EC56C007668FD /* GCCounter.m in Sources */ = {isa = PBXBuildFile; fileRef = E40CE309181EC56C007668FD /* GCCounter.m */; };
		E40CE358181EC56C007668FD /* GCFile.m in Sources */ = {isa = PBXBuildFile; fileRef = E40CE30B181EC56C007668FD /* GCFile.m */; };
		E40CE359181EC56C007668FD /* GCFlag.m in Sources */ = {isa = PBXBuildFile; fileRef = E40CE30D181EC56C007668FD /* GCFlag.m */; };
		E40CE35A181EC56C007668FD /* GCFlagCount.m in Sources */ = {isa = PBXBuildFile; fileRef = E40CE30F181EC56C007668FD /* GCFlagCount.m */; };
		E40CE35B181EC56C007668FD /* GCHeart.m in Sources */ = {isa = PBXBuildFile; fileRef = E40CE311181EC56C007668FD /* GCHeart.m */; };
		E40CE35C181EC56C007668FD /* GCHeartCount.m in Sources */ = {isa = PBXBuildFile; fileRef = E40CE313181EC56C007668FD /* GCHeartCount.m */; };
		E40CE35D181EC56C007668FD /* GCImageData.m in Sources */ = {isa = PBXBuildFile; fileRef = E40CE315181EC56C007668FD /* GCImageData.m */; };
		E40CE35E181EC56C007668FD /* GCLinks.m in Sources */ = {isa = PBXBuildFile; fileRef = E40CE317181EC56C007668FD /* GCLinks.m */; };
		E40CE35F181EC56C007668FD /* GCPagination.m in Sources */ = {isa = PBXBuildFile; fileRef = E40CE319181EC56C007668FD /* GCPagination.m */; };
		E40CE360181EC56C007668FD /* GCResponse.m in Sources */ = {isa = PBXBuildFile; fileRef = E40CE31B181EC56C007668FD /* GCResponse.m */; };
		E40CE361181EC56C007668FD /* GCResponseStatus.m in Sources */ = {isa = PBXBuildFile; fileRef = E40CE31D181EC56C007668FD /* GCResponseStatus.m */; };
		E40CE362181EC56C007668FD /* GCUploadInfo.m in Sources */ = {isa = PBXBuildFile; fileRef = E40CE31F181EC56C007668FD /* GCUploadInfo.m */; };
		E40CE363181EC56C007668FD /* GCUploadingAsset.m in Sources */ = {isa = PBXBuildFile; fileRef = E40CE321181EC56C007668FD /* GCUploadingAsset.m */; };
		E40CE364181EC56C007668FD /* GCUploads.m in Sources */ = {isa = PBXBuildFile; fileRef = E40CE323181EC56C007668FD /* GCUploads.m */; };
		E40CE365181EC56C007668FD /* GCURL.m in Sources */ = {isa = PBXBuildFile; fileRef = E40CE325181EC56C007668FD /* GCURL.m */; };
		E40CE366181EC56C007668FD /* GCUser.m in Sources */ = {isa = PBXBuildFile; fileRef = E40CE327181EC56C007668FD /* GCUser.m */; };
		E40CE367181EC56C007668FD /* GCVote.m in Sources */ = {isa = PBXBuildFile; fileRef = E40CE329181EC56C007668FD /* GCVote.m */; };
		E40CE368181EC56C007668FD /* GCVoteCount.m in Sources */ = {isa = PBXBuildFile; fileRef = E40CE32B181EC56C007668FD /* GCVoteCount.m */; };
		E40CE369181EC56C007668FD /* ColorLog.m in Sources */ = {isa = PBXBuildFile; fileRef = E40CE32E181EC56C007668FD /* ColorLog.m */; };
		E40CE36A181EC56C007668FD /* GCFileManager.m in Sources */ = {isa = PBXBuildFile; fileRef = E40CE330181EC56C007668FD /* GCFileManager.m */; };
		E40CE36B181EC56C007668FD /* GCLog.m in Sources */ = {isa = PBXBuildFile; fileRef = E40CE332181EC56C007668FD /* GCLog.m */; };
		E40CE36C181EC56C007668FD /* GCLogFormatter.m in Sources */ = {isa = PBXBuildFile; fileRef = E40CE334181EC56C007668FD /* GCLogFormatter.m */; };
		E40CE36D181EC56C007668FD /* GCMD5Hash.c in Sources */ = {isa = PBXBuildFile; fileRef = E40CE335181EC56C007668FD /* GCMD5Hash.c */; };
		E40CE36E181EC56C007668FD /* KXDataEncoder.m in Sources */ = {isa = PBXBuildFile; fileRef = E40CE338181EC56C007668FD /* KXDataEncoder.m */; };
		E40CE36F181EC56C007668FD /* NSDictionary+QueryString.m in Sources */ = {isa = PBXBuildFile; fileRef = E40CE33A181EC56C007668FD /* NSDictionary+QueryString.m */; };
		E40CE370181EC56C007668FD /* NSMutableDictionary+GCUtil.m in Sources */ = {isa = PBXBuildFile; fileRef = E40CE33C181EC56C007668FD /* NSMutableDictionary+GCUtil.m */; };
		E40CE371181EC56C007668FD /* NSString+QueryString.m in Sources */ = {isa = PBXBuildFile; fileRef = E40CE33E181EC56C007668FD /* NSString+QueryString.m */; };
		E40CE372181EC56C007668FD /* GCLoginView.m in Sources */ = {isa = PBXBuildFile; fileRef = E40CE341181EC56C007668FD /* GCLoginView.m */; };
		E40CE373181EC56C007668FD /* GCPopupView.m in Sources */ = {isa = PBXBuildFile; fileRef = E40CE343181EC56C007668FD /* GCPopupView.m */; };
		E49B2422179FF74D004CE8A4 /* AssetsLibrary.framework in Frameworks */ = {isa = PBXBuildFile; fileRef = E49B2421179FF74C004CE8A4 /* AssetsLibrary.framework */; };
		E4A3613317E0C0550058C1ED /* AlbumsViewController.m in Sources */ = {isa = PBXBuildFile; fileRef = E4A3612C17E0C0550058C1ED /* AlbumsViewController.m */; };
		E4A3613417E0C0550058C1ED /* ImageDetailsViewController.m in Sources */ = {isa = PBXBuildFile; fileRef = E4A3612E17E0C0550058C1ED /* ImageDetailsViewController.m */; };
		E4A3613517E0C0550058C1ED /* ImagesViewController.m in Sources */ = {isa = PBXBuildFile; fileRef = E4A3613017E0C0550058C1ED /* ImagesViewController.m */; };
		E4A3613617E0C0550058C1ED /* LoginViewController.m in Sources */ = {isa = PBXBuildFile; fileRef = E4A3613217E0C0550058C1ED /* LoginViewController.m */; };
		E4A3614617E0C0670058C1ED /* chute.png in Resources */ = {isa = PBXBuildFile; fileRef = E4A3613817E0C0660058C1ED /* chute.png */; };
		E4A3614717E0C0670058C1ED /* flag.png in Resources */ = {isa = PBXBuildFile; fileRef = E4A3613917E0C0660058C1ED /* flag.png */; };
		E4A3614817E0C0670058C1ED /* heart.png in Resources */ = {isa = PBXBuildFile; fileRef = E4A3613A17E0C0660058C1ED /* heart.png */; };
		E4A3614917E0C0670058C1ED /* unflag.png in Resources */ = {isa = PBXBuildFile; fileRef = E4A3613B17E0C0660058C1ED /* unflag.png */; };
		E4A3614A17E0C0670058C1ED /* unheart.png in Resources */ = {isa = PBXBuildFile; fileRef = E4A3613C17E0C0660058C1ED /* unheart.png */; };
		E4A3614B17E0C0670058C1ED /* unvote.png in Resources */ = {isa = PBXBuildFile; fileRef = E4A3613D17E0C0660058C1ED /* unvote.png */; };
		E4A3614C17E0C0670058C1ED /* vote.png in Resources */ = {isa = PBXBuildFile; fileRef = E4A3613E17E0C0660058C1ED /* vote.png */; };
		E4A3614D17E0C0670058C1ED /* AlbumViewCell.m in Sources */ = {isa = PBXBuildFile; fileRef = E4A3614117E0C0670058C1ED /* AlbumViewCell.m */; };
		E4A3614E17E0C0670058C1ED /* CommentCell.m in Sources */ = {isa = PBXBuildFile; fileRef = E4A3614317E0C0670058C1ED /* CommentCell.m */; };
		E4A3614F17E0C0670058C1ED /* ImageViewCell.m in Sources */ = {isa = PBXBuildFile; fileRef = E4A3614517E0C0670058C1ED /* ImageViewCell.m */; };
/* End PBXBuildFile section */

/* Begin PBXContainerItemProxy section */
		CCC3597F1689F8CB009E372C /* PBXContainerItemProxy */ = {
			isa = PBXContainerItemProxy;
			containerPortal = CCC3594A1689F8CA009E372C /* Project object */;
			proxyType = 1;
			remoteGlobalIDString = CCC359521689F8CA009E372C;
			remoteInfo = GCAPIv2TestApp;
		};
/* End PBXContainerItemProxy section */

/* Begin PBXFileReference section */
		60F3E5DB13FF428A83AE6167 /* Pods.xcconfig */ = {isa = PBXFileReference; includeInIndex = 1; lastKnownFileType = text.xcconfig; name = Pods.xcconfig; path = Pods/Pods.xcconfig; sourceTree = "<group>"; };
		B4716EB6ABE44C6E822EEF78 /* libPods.a */ = {isa = PBXFileReference; explicitFileType = archive.ar; includeInIndex = 0; path = libPods.a; sourceTree = BUILT_PRODUCTS_DIR; };
		CC492669168A4AC400397C1E /* SystemConfiguration.framework */ = {isa = PBXFileReference; lastKnownFileType = wrapper.framework; name = SystemConfiguration.framework; path = System/Library/Frameworks/SystemConfiguration.framework; sourceTree = SDKROOT; };
		CC49266B168A4ACC00397C1E /* MobileCoreServices.framework */ = {isa = PBXFileReference; lastKnownFileType = wrapper.framework; name = MobileCoreServices.framework; path = System/Library/Frameworks/MobileCoreServices.framework; sourceTree = SDKROOT; };
		CC4DA5141710BA70004E2191 /* QuartzCore.framework */ = {isa = PBXFileReference; lastKnownFileType = wrapper.framework; name = QuartzCore.framework; path = System/Library/Frameworks/QuartzCore.framework; sourceTree = SDKROOT; };
		CC4DA52D17143FFA004E2191 /* MainStoryboard-iPad.storyboard */ = {isa = PBXFileReference; fileEncoding = 4; lastKnownFileType = file.storyboard; path = "MainStoryboard-iPad.storyboard"; sourceTree = "<group>"; };
		CCC359531689F8CA009E372C /* GCAPIv2TestApp.app */ = {isa = PBXFileReference; explicitFileType = wrapper.application; includeInIndex = 0; path = GCAPIv2TestApp.app; sourceTree = BUILT_PRODUCTS_DIR; };
		CCC359571689F8CA009E372C /* UIKit.framework */ = {isa = PBXFileReference; lastKnownFileType = wrapper.framework; name = UIKit.framework; path = System/Library/Frameworks/UIKit.framework; sourceTree = SDKROOT; };
		CCC359591689F8CA009E372C /* Foundation.framework */ = {isa = PBXFileReference; lastKnownFileType = wrapper.framework; name = Foundation.framework; path = System/Library/Frameworks/Foundation.framework; sourceTree = SDKROOT; };
		CCC3595B1689F8CA009E372C /* CoreGraphics.framework */ = {isa = PBXFileReference; lastKnownFileType = wrapper.framework; name = CoreGraphics.framework; path = System/Library/Frameworks/CoreGraphics.framework; sourceTree = SDKROOT; };
		CCC3595F1689F8CA009E372C /* GCAPIv2TestApp-Info.plist */ = {isa = PBXFileReference; lastKnownFileType = text.plist.xml; path = "GCAPIv2TestApp-Info.plist"; sourceTree = "<group>"; };
		CCC359611689F8CA009E372C /* en */ = {isa = PBXFileReference; lastKnownFileType = text.plist.strings; name = en; path = en.lproj/InfoPlist.strings; sourceTree = "<group>"; };
		CCC359631689F8CA009E372C /* main.m */ = {isa = PBXFileReference; lastKnownFileType = sourcecode.c.objc; path = main.m; sourceTree = "<group>"; };
		CCC359651689F8CA009E372C /* GCAPIv2TestApp-Prefix.pch */ = {isa = PBXFileReference; lastKnownFileType = sourcecode.c.h; path = "GCAPIv2TestApp-Prefix.pch"; sourceTree = "<group>"; };
		CCC359661689F8CA009E372C /* AppDelegate.h */ = {isa = PBXFileReference; lastKnownFileType = sourcecode.c.h; path = AppDelegate.h; sourceTree = "<group>"; };
		CCC359671689F8CA009E372C /* AppDelegate.m */ = {isa = PBXFileReference; lastKnownFileType = sourcecode.c.objc; path = AppDelegate.m; sourceTree = "<group>"; };
		CCC359691689F8CA009E372C /* Default.png */ = {isa = PBXFileReference; lastKnownFileType = image.png; path = Default.png; sourceTree = "<group>"; };
		CCC3596B1689F8CA009E372C /* Default@2x.png */ = {isa = PBXFileReference; lastKnownFileType = image.png; path = "Default@2x.png"; sourceTree = "<group>"; };
		CCC3596D1689F8CA009E372C /* Default-568h@2x.png */ = {isa = PBXFileReference; lastKnownFileType = image.png; path = "Default-568h@2x.png"; sourceTree = "<group>"; };
		CCC359701689F8CA009E372C /* en */ = {isa = PBXFileReference; lastKnownFileType = file.storyboard; name = en; path = "en.lproj/MainStoryboard-iPhone.storyboard"; sourceTree = "<group>"; };
		CCC3597A1689F8CB009E372C /* GCAPIv2TestAppTests.octest */ = {isa = PBXFileReference; explicitFileType = wrapper.cfbundle; includeInIndex = 0; path = GCAPIv2TestAppTests.octest; sourceTree = BUILT_PRODUCTS_DIR; };
		CCC3597B1689F8CB009E372C /* SenTestingKit.framework */ = {isa = PBXFileReference; lastKnownFileType = wrapper.framework; name = SenTestingKit.framework; path = Library/Frameworks/SenTestingKit.framework; sourceTree = DEVELOPER_DIR; };
		CCC359831689F8CB009E372C /* GCAPIv2TestAppTests-Info.plist */ = {isa = PBXFileReference; lastKnownFileType = text.plist.xml; path = "GCAPIv2TestAppTests-Info.plist"; sourceTree = "<group>"; };
		CCC359851689F8CB009E372C /* en */ = {isa = PBXFileReference; lastKnownFileType = text.plist.strings; name = en; path = en.lproj/InfoPlist.strings; sourceTree = "<group>"; };
		CCC359871689F8CC009E372C /* GCAPIv2TestAppTests.h */ = {isa = PBXFileReference; lastKnownFileType = sourcecode.c.h; path = GCAPIv2TestAppTests.h; sourceTree = "<group>"; };
		CCC359881689F8CC009E372C /* GCAPIv2TestAppTests.m */ = {isa = PBXFileReference; lastKnownFileType = sourcecode.c.objc; path = GCAPIv2TestAppTests.m; sourceTree = "<group>"; };
		CCD3C3D218284C5100E31F78 /* GCConfiguration.h */ = {isa = PBXFileReference; fileEncoding = 4; lastKnownFileType = sourcecode.c.h; path = GCConfiguration.h; sourceTree = "<group>"; };
		CCD3C3D318284C5100E31F78 /* GCConfiguration.m */ = {isa = PBXFileReference; fileEncoding = 4; lastKnownFileType = sourcecode.c.objc; path = GCConfiguration.m; sourceTree = "<group>"; };
		CCD3C3D418284C5100E31F78 /* GCConfigurationFile.h */ = {isa = PBXFileReference; fileEncoding = 4; lastKnownFileType = sourcecode.c.h; path = GCConfigurationFile.h; sourceTree = "<group>"; };
		CCD3C3D518284C5100E31F78 /* GCConfigurationFile.m */ = {isa = PBXFileReference; fileEncoding = 4; lastKnownFileType = sourcecode.c.objc; path = GCConfigurationFile.m; sourceTree = "<group>"; };
		CCD3C3D81828527300E31F78 /* GCConfiguration-Sample.plist */ = {isa = PBXFileReference; fileEncoding = 4; lastKnownFileType = text.plist.xml; path = "GCConfiguration-Sample.plist"; sourceTree = "<group>"; };
		CCD3C3D91828527300E31F78 /* GCConfiguration.plist */ = {isa = PBXFileReference; fileEncoding = 4; lastKnownFileType = text.plist.xml; path = GCConfiguration.plist; sourceTree = "<group>"; };
		E40CE2DE181EC56C007668FD /* GCClient.h */ = {isa = PBXFileReference; fileEncoding = 4; lastKnownFileType = sourcecode.c.h; path = GCClient.h; sourceTree = "<group>"; };
		E40CE2DF181EC56C007668FD /* GCClient.m */ = {isa = PBXFileReference; fileEncoding = 4; lastKnownFileType = sourcecode.c.objc; path = GCClient.m; sourceTree = "<group>"; };
		E40CE2E0181EC56C007668FD /* GCOAuth2Client.h */ = {isa = PBXFileReference; fileEncoding = 4; lastKnownFileType = sourcecode.c.h; path = GCOAuth2Client.h; sourceTree = "<group>"; };
		E40CE2E1181EC56C007668FD /* GCOAuth2Client.m */ = {isa = PBXFileReference; fileEncoding = 4; lastKnownFileType = sourcecode.c.objc; path = GCOAuth2Client.m; sourceTree = "<group>"; };
		E40CE2E2181EC56C007668FD /* GCUploader.h */ = {isa = PBXFileReference; fileEncoding = 4; lastKnownFileType = sourcecode.c.h; path = GCUploader.h; sourceTree = "<group>"; };
		E40CE2E3181EC56C007668FD /* GCUploader.m */ = {isa = PBXFileReference; fileEncoding = 4; lastKnownFileType = sourcecode.c.objc; path = GCUploader.m; sourceTree = "<group>"; };
		E40CE2E5181EC56C007668FD /* GCServiceAccount.h */ = {isa = PBXFileReference; fileEncoding = 4; lastKnownFileType = sourcecode.c.h; path = GCServiceAccount.h; sourceTree = "<group>"; };
		E40CE2E6181EC56C007668FD /* GCServiceAccount.m */ = {isa = PBXFileReference; fileEncoding = 4; lastKnownFileType = sourcecode.c.objc; path = GCServiceAccount.m; sourceTree = "<group>"; };
		E40CE2E7181EC56C007668FD /* GCServiceAlbum.h */ = {isa = PBXFileReference; fileEncoding = 4; lastKnownFileType = sourcecode.c.h; path = GCServiceAlbum.h; sourceTree = "<group>"; };
		E40CE2E8181EC56C007668FD /* GCServiceAlbum.m */ = {isa = PBXFileReference; fileEncoding = 4; lastKnownFileType = sourcecode.c.objc; path = GCServiceAlbum.m; sourceTree = "<group>"; };
		E40CE2E9181EC56C007668FD /* GCServiceAsset.h */ = {isa = PBXFileReference; fileEncoding = 4; lastKnownFileType = sourcecode.c.h; path = GCServiceAsset.h; sourceTree = "<group>"; };
		E40CE2EA181EC56C007668FD /* GCServiceAsset.m */ = {isa = PBXFileReference; fileEncoding = 4; lastKnownFileType = sourcecode.c.objc; path = GCServiceAsset.m; sourceTree = "<group>"; };
		E40CE2EB181EC56C007668FD /* GCServiceComment.h */ = {isa = PBXFileReference; fileEncoding = 4; lastKnownFileType = sourcecode.c.h; path = GCServiceComment.h; sourceTree = "<group>"; };
		E40CE2EC181EC56C007668FD /* GCServiceComment.m */ = {isa = PBXFileReference; fileEncoding = 4; lastKnownFileType = sourcecode.c.objc; path = GCServiceComment.m; sourceTree = "<group>"; };
		E40CE2ED181EC56C007668FD /* GCServiceFlag.h */ = {isa = PBXFileReference; fileEncoding = 4; lastKnownFileType = sourcecode.c.h; path = GCServiceFlag.h; sourceTree = "<group>"; };
		E40CE2EE181EC56C007668FD /* GCServiceFlag.m */ = {isa = PBXFileReference; fileEncoding = 4; lastKnownFileType = sourcecode.c.objc; path = GCServiceFlag.m; sourceTree = "<group>"; };
		E40CE2EF181EC56C007668FD /* GCServiceHeart.h */ = {isa = PBXFileReference; fileEncoding = 4; lastKnownFileType = sourcecode.c.h; path = GCServiceHeart.h; sourceTree = "<group>"; };
		E40CE2F0181EC56C007668FD /* GCServiceHeart.m */ = {isa = PBXFileReference; fileEncoding = 4; lastKnownFileType = sourcecode.c.objc; path = GCServiceHeart.m; sourceTree = "<group>"; };
		E40CE2F1181EC56C007668FD /* GCServiceTag.h */ = {isa = PBXFileReference; fileEncoding = 4; lastKnownFileType = sourcecode.c.h; path = GCServiceTag.h; sourceTree = "<group>"; };
		E40CE2F2181EC56C007668FD /* GCServiceTag.m */ = {isa = PBXFileReference; fileEncoding = 4; lastKnownFileType = sourcecode.c.objc; path = GCServiceTag.m; sourceTree = "<group>"; };
		E40CE2F3181EC56C007668FD /* GCServiceVote.h */ = {isa = PBXFileReference; fileEncoding = 4; lastKnownFileType = sourcecode.c.h; path = GCServiceVote.h; sourceTree = "<group>"; };
		E40CE2F4181EC56C007668FD /* GCServiceVote.m */ = {isa = PBXFileReference; fileEncoding = 4; lastKnownFileType = sourcecode.c.objc; path = GCServiceVote.m; sourceTree = "<group>"; };
		E40CE2F5181EC56C007668FD /* Chute-SDK-Prefix.pch */ = {isa = PBXFileReference; fileEncoding = 4; lastKnownFileType = sourcecode.c.h; path = "Chute-SDK-Prefix.pch"; sourceTree = "<group>"; };
		E40CE2F6181EC56C007668FD /* GetChute.h */ = {isa = PBXFileReference; fileEncoding = 4; lastKnownFileType = sourcecode.c.h; path = GetChute.h; sourceTree = "<group>"; };
		E40CE2F8181EC56C007668FD /* GCAccount.h */ = {isa = PBXFileReference; fileEncoding = 4; lastKnownFileType = sourcecode.c.h; path = GCAccount.h; sourceTree = "<group>"; };
		E40CE2F9181EC56C007668FD /* GCAccount.m */ = {isa = PBXFileReference; fileEncoding = 4; lastKnownFileType = sourcecode.c.objc; path = GCAccount.m; sourceTree = "<group>"; };
		E40CE2FA181EC56C007668FD /* GCAlbum.h */ = {isa = PBXFileReference; fileEncoding = 4; lastKnownFileType = sourcecode.c.h; path = GCAlbum.h; sourceTree = "<group>"; };
		E40CE2FB181EC56C007668FD /* GCAlbum.m */ = {isa = PBXFileReference; fileEncoding = 4; lastKnownFileType = sourcecode.c.objc; path = GCAlbum.m; sourceTree = "<group>"; };
		E40CE2FC181EC56C007668FD /* GCApiLimits.h */ = {isa = PBXFileReference; fileEncoding = 4; lastKnownFileType = sourcecode.c.h; path = GCApiLimits.h; sourceTree = "<group>"; };
		E40CE2FD181EC56C007668FD /* GCApiLimits.m */ = {isa = PBXFileReference; fileEncoding = 4; lastKnownFileType = sourcecode.c.objc; path = GCApiLimits.m; sourceTree = "<group>"; };
		E40CE2FE181EC56C007668FD /* GCAsset.h */ = {isa = PBXFileReference; fileEncoding = 4; lastKnownFileType = sourcecode.c.h; path = GCAsset.h; sourceTree = "<group>"; };
		E40CE2FF181EC56C007668FD /* GCAsset.m */ = {isa = PBXFileReference; fileEncoding = 4; lastKnownFileType = sourcecode.c.objc; path = GCAsset.m; sourceTree = "<group>"; };
		E40CE300181EC56C007668FD /* GCAssetDimensions.h */ = {isa = PBXFileReference; fileEncoding = 4; lastKnownFileType = sourcecode.c.h; path = GCAssetDimensions.h; sourceTree = "<group>"; };
		E40CE301181EC56C007668FD /* GCAssetDimensions.m */ = {isa = PBXFileReference; fileEncoding = 4; lastKnownFileType = sourcecode.c.objc; path = GCAssetDimensions.m; sourceTree = "<group>"; };
		E40CE302181EC56C007668FD /* GCAssetSource.h */ = {isa = PBXFileReference; fileEncoding = 4; lastKnownFileType = sourcecode.c.h; path = GCAssetSource.h; sourceTree = "<group>"; };
		E40CE303181EC56C007668FD /* GCAssetSource.m */ = {isa = PBXFileReference; fileEncoding = 4; lastKnownFileType = sourcecode.c.objc; path = GCAssetSource.m; sourceTree = "<group>"; };
		E40CE304181EC56C007668FD /* GCComment.h */ = {isa = PBXFileReference; fileEncoding = 4; lastKnownFileType = sourcecode.c.h; path = GCComment.h; sourceTree = "<group>"; };
		E40CE305181EC56C007668FD /* GCComment.m */ = {isa = PBXFileReference; fileEncoding = 4; lastKnownFileType = sourcecode.c.objc; path = GCComment.m; sourceTree = "<group>"; };
		E40CE306181EC56C007668FD /* GCCoordinate.h */ = {isa = PBXFileReference; fileEncoding = 4; lastKnownFileType = sourcecode.c.h; path = GCCoordinate.h; sourceTree = "<group>"; };
		E40CE307181EC56C007668FD /* GCCoordinate.m */ = {isa = PBXFileReference; fileEncoding = 4; lastKnownFileType = sourcecode.c.objc; path = GCCoordinate.m; sourceTree = "<group>"; };
		E40CE308181EC56C007668FD /* GCCounter.h */ = {isa = PBXFileReference; fileEncoding = 4; lastKnownFileType = sourcecode.c.h; path = GCCounter.h; sourceTree = "<group>"; };
		E40CE309181EC56C007668FD /* GCCounter.m */ = {isa = PBXFileReference; fileEncoding = 4; lastKnownFileType = sourcecode.c.objc; path = GCCounter.m; sourceTree = "<group>"; };
		E40CE30A181EC56C007668FD /* GCFile.h */ = {isa = PBXFileReference; fileEncoding = 4; lastKnownFileType = sourcecode.c.h; path = GCFile.h; sourceTree = "<group>"; };
		E40CE30B181EC56C007668FD /* GCFile.m */ = {isa = PBXFileReference; fileEncoding = 4; lastKnownFileType = sourcecode.c.objc; path = GCFile.m; sourceTree = "<group>"; };
		E40CE30C181EC56C007668FD /* GCFlag.h */ = {isa = PBXFileReference; fileEncoding = 4; lastKnownFileType = sourcecode.c.h; path = GCFlag.h; sourceTree = "<group>"; };
		E40CE30D181EC56C007668FD /* GCFlag.m */ = {isa = PBXFileReference; fileEncoding = 4; lastKnownFileType = sourcecode.c.objc; path = GCFlag.m; sourceTree = "<group>"; };
		E40CE30E181EC56C007668FD /* GCFlagCount.h */ = {isa = PBXFileReference; fileEncoding = 4; lastKnownFileType = sourcecode.c.h; path = GCFlagCount.h; sourceTree = "<group>"; };
		E40CE30F181EC56C007668FD /* GCFlagCount.m */ = {isa = PBXFileReference; fileEncoding = 4; lastKnownFileType = sourcecode.c.objc; path = GCFlagCount.m; sourceTree = "<group>"; };
		E40CE310181EC56C007668FD /* GCHeart.h */ = {isa = PBXFileReference; fileEncoding = 4; lastKnownFileType = sourcecode.c.h; path = GCHeart.h; sourceTree = "<group>"; };
		E40CE311181EC56C007668FD /* GCHeart.m */ = {isa = PBXFileReference; fileEncoding = 4; lastKnownFileType = sourcecode.c.objc; path = GCHeart.m; sourceTree = "<group>"; };
		E40CE312181EC56C007668FD /* GCHeartCount.h */ = {isa = PBXFileReference; fileEncoding = 4; lastKnownFileType = sourcecode.c.h; path = GCHeartCount.h; sourceTree = "<group>"; };
		E40CE313181EC56C007668FD /* GCHeartCount.m */ = {isa = PBXFileReference; fileEncoding = 4; lastKnownFileType = sourcecode.c.objc; path = GCHeartCount.m; sourceTree = "<group>"; };
		E40CE314181EC56C007668FD /* GCImageData.h */ = {isa = PBXFileReference; fileEncoding = 4; lastKnownFileType = sourcecode.c.h; path = GCImageData.h; sourceTree = "<group>"; };
		E40CE315181EC56C007668FD /* GCImageData.m */ = {isa = PBXFileReference; fileEncoding = 4; lastKnownFileType = sourcecode.c.objc; path = GCImageData.m; sourceTree = "<group>"; };
		E40CE316181EC56C007668FD /* GCLinks.h */ = {isa = PBXFileReference; fileEncoding = 4; lastKnownFileType = sourcecode.c.h; path = GCLinks.h; sourceTree = "<group>"; };
		E40CE317181EC56C007668FD /* GCLinks.m */ = {isa = PBXFileReference; fileEncoding = 4; lastKnownFileType = sourcecode.c.objc; path = GCLinks.m; sourceTree = "<group>"; };
		E40CE318181EC56C007668FD /* GCPagination.h */ = {isa = PBXFileReference; fileEncoding = 4; lastKnownFileType = sourcecode.c.h; path = GCPagination.h; sourceTree = "<group>"; };
		E40CE319181EC56C007668FD /* GCPagination.m */ = {isa = PBXFileReference; fileEncoding = 4; lastKnownFileType = sourcecode.c.objc; path = GCPagination.m; sourceTree = "<group>"; };
		E40CE31A181EC56C007668FD /* GCResponse.h */ = {isa = PBXFileReference; fileEncoding = 4; lastKnownFileType = sourcecode.c.h; path = GCResponse.h; sourceTree = "<group>"; };
		E40CE31B181EC56C007668FD /* GCResponse.m */ = {isa = PBXFileReference; fileEncoding = 4; lastKnownFileType = sourcecode.c.objc; path = GCResponse.m; sourceTree = "<group>"; };
		E40CE31C181EC56C007668FD /* GCResponseStatus.h */ = {isa = PBXFileReference; fileEncoding = 4; lastKnownFileType = sourcecode.c.h; path = GCResponseStatus.h; sourceTree = "<group>"; };
		E40CE31D181EC56C007668FD /* GCResponseStatus.m */ = {isa = PBXFileReference; fileEncoding = 4; lastKnownFileType = sourcecode.c.objc; path = GCResponseStatus.m; sourceTree = "<group>"; };
		E40CE31E181EC56C007668FD /* GCUploadInfo.h */ = {isa = PBXFileReference; fileEncoding = 4; lastKnownFileType = sourcecode.c.h; path = GCUploadInfo.h; sourceTree = "<group>"; };
		E40CE31F181EC56C007668FD /* GCUploadInfo.m */ = {isa = PBXFileReference; fileEncoding = 4; lastKnownFileType = sourcecode.c.objc; path = GCUploadInfo.m; sourceTree = "<group>"; };
		E40CE320181EC56C007668FD /* GCUploadingAsset.h */ = {isa = PBXFileReference; fileEncoding = 4; lastKnownFileType = sourcecode.c.h; path = GCUploadingAsset.h; sourceTree = "<group>"; };
		E40CE321181EC56C007668FD /* GCUploadingAsset.m */ = {isa = PBXFileReference; fileEncoding = 4; lastKnownFileType = sourcecode.c.objc; path = GCUploadingAsset.m; sourceTree = "<group>"; };
		E40CE322181EC56C007668FD /* GCUploads.h */ = {isa = PBXFileReference; fileEncoding = 4; lastKnownFileType = sourcecode.c.h; path = GCUploads.h; sourceTree = "<group>"; };
		E40CE323181EC56C007668FD /* GCUploads.m */ = {isa = PBXFileReference; fileEncoding = 4; lastKnownFileType = sourcecode.c.objc; path = GCUploads.m; sourceTree = "<group>"; };
		E40CE324181EC56C007668FD /* GCURL.h */ = {isa = PBXFileReference; fileEncoding = 4; lastKnownFileType = sourcecode.c.h; path = GCURL.h; sourceTree = "<group>"; };
		E40CE325181EC56C007668FD /* GCURL.m */ = {isa = PBXFileReference; fileEncoding = 4; lastKnownFileType = sourcecode.c.objc; path = GCURL.m; sourceTree = "<group>"; };
		E40CE326181EC56C007668FD /* GCUser.h */ = {isa = PBXFileReference; fileEncoding = 4; lastKnownFileType = sourcecode.c.h; path = GCUser.h; sourceTree = "<group>"; };
		E40CE327181EC56C007668FD /* GCUser.m */ = {isa = PBXFileReference; fileEncoding = 4; lastKnownFileType = sourcecode.c.objc; path = GCUser.m; sourceTree = "<group>"; };
		E40CE328181EC56C007668FD /* GCVote.h */ = {isa = PBXFileReference; fileEncoding = 4; lastKnownFileType = sourcecode.c.h; path = GCVote.h; sourceTree = "<group>"; };
		E40CE329181EC56C007668FD /* GCVote.m */ = {isa = PBXFileReference; fileEncoding = 4; lastKnownFileType = sourcecode.c.objc; path = GCVote.m; sourceTree = "<group>"; };
		E40CE32A181EC56C007668FD /* GCVoteCount.h */ = {isa = PBXFileReference; fileEncoding = 4; lastKnownFileType = sourcecode.c.h; path = GCVoteCount.h; sourceTree = "<group>"; };
		E40CE32B181EC56C007668FD /* GCVoteCount.m */ = {isa = PBXFileReference; fileEncoding = 4; lastKnownFileType = sourcecode.c.objc; path = GCVoteCount.m; sourceTree = "<group>"; };
		E40CE32D181EC56C007668FD /* ColorLog.h */ = {isa = PBXFileReference; fileEncoding = 4; lastKnownFileType = sourcecode.c.h; path = ColorLog.h; sourceTree = "<group>"; };
		E40CE32E181EC56C007668FD /* ColorLog.m */ = {isa = PBXFileReference; fileEncoding = 4; lastKnownFileType = sourcecode.c.objc; path = ColorLog.m; sourceTree = "<group>"; };
		E40CE32F181EC56C007668FD /* GCFileManager.h */ = {isa = PBXFileReference; fileEncoding = 4; lastKnownFileType = sourcecode.c.h; path = GCFileManager.h; sourceTree = "<group>"; };
		E40CE330181EC56C007668FD /* GCFileManager.m */ = {isa = PBXFileReference; fileEncoding = 4; lastKnownFileType = sourcecode.c.objc; path = GCFileManager.m; sourceTree = "<group>"; };
		E40CE331181EC56C007668FD /* GCLog.h */ = {isa = PBXFileReference; fileEncoding = 4; lastKnownFileType = sourcecode.c.h; path = GCLog.h; sourceTree = "<group>"; };
		E40CE332181EC56C007668FD /* GCLog.m */ = {isa = PBXFileReference; fileEncoding = 4; lastKnownFileType = sourcecode.c.objc; path = GCLog.m; sourceTree = "<group>"; };
		E40CE333181EC56C007668FD /* GCLogFormatter.h */ = {isa = PBXFileReference; fileEncoding = 4; lastKnownFileType = sourcecode.c.h; path = GCLogFormatter.h; sourceTree = "<group>"; };
		E40CE334181EC56C007668FD /* GCLogFormatter.m */ = {isa = PBXFileReference; fileEncoding = 4; lastKnownFileType = sourcecode.c.objc; path = GCLogFormatter.m; sourceTree = "<group>"; };
		E40CE335181EC56C007668FD /* GCMD5Hash.c */ = {isa = PBXFileReference; fileEncoding = 4; lastKnownFileType = sourcecode.c.c; path = GCMD5Hash.c; sourceTree = "<group>"; };
		E40CE336181EC56C007668FD /* GCMD5Hash.h */ = {isa = PBXFileReference; fileEncoding = 4; lastKnownFileType = sourcecode.c.h; path = GCMD5Hash.h; sourceTree = "<group>"; };
		E40CE337181EC56C007668FD /* KXDataEncoder.h */ = {isa = PBXFileReference; fileEncoding = 4; lastKnownFileType = sourcecode.c.h; path = KXDataEncoder.h; sourceTree = "<group>"; };
		E40CE338181EC56C007668FD /* KXDataEncoder.m */ = {isa = PBXFileReference; fileEncoding = 4; lastKnownFileType = sourcecode.c.objc; path = KXDataEncoder.m; sourceTree = "<group>"; };
		E40CE339181EC56C007668FD /* NSDictionary+QueryString.h */ = {isa = PBXFileReference; fileEncoding = 4; lastKnownFileType = sourcecode.c.h; path = "NSDictionary+QueryString.h"; sourceTree = "<group>"; };
		E40CE33A181EC56C007668FD /* NSDictionary+QueryString.m */ = {isa = PBXFileReference; fileEncoding = 4; lastKnownFileType = sourcecode.c.objc; path = "NSDictionary+QueryString.m"; sourceTree = "<group>"; };
		E40CE33B181EC56C007668FD /* NSMutableDictionary+GCUtil.h */ = {isa = PBXFileReference; fileEncoding = 4; lastKnownFileType = sourcecode.c.h; path = "NSMutableDictionary+GCUtil.h"; sourceTree = "<group>"; };
		E40CE33C181EC56C007668FD /* NSMutableDictionary+GCUtil.m */ = {isa = PBXFileReference; fileEncoding = 4; lastKnownFileType = sourcecode.c.objc; path = "NSMutableDictionary+GCUtil.m"; sourceTree = "<group>"; };
		E40CE33D181EC56C007668FD /* NSString+QueryString.h */ = {isa = PBXFileReference; fileEncoding = 4; lastKnownFileType = sourcecode.c.h; path = "NSString+QueryString.h"; sourceTree = "<group>"; };
		E40CE33E181EC56C007668FD /* NSString+QueryString.m */ = {isa = PBXFileReference; fileEncoding = 4; lastKnownFileType = sourcecode.c.objc; path = "NSString+QueryString.m"; sourceTree = "<group>"; };
		E40CE340181EC56C007668FD /* GCLoginView.h */ = {isa = PBXFileReference; fileEncoding = 4; lastKnownFileType = sourcecode.c.h; path = GCLoginView.h; sourceTree = "<group>"; };
		E40CE341181EC56C007668FD /* GCLoginView.m */ = {isa = PBXFileReference; fileEncoding = 4; lastKnownFileType = sourcecode.c.objc; path = GCLoginView.m; sourceTree = "<group>"; };
		E40CE342181EC56C007668FD /* GCPopupView.h */ = {isa = PBXFileReference; fileEncoding = 4; lastKnownFileType = sourcecode.c.h; path = GCPopupView.h; sourceTree = "<group>"; };
		E40CE343181EC56C007668FD /* GCPopupView.m */ = {isa = PBXFileReference; fileEncoding = 4; lastKnownFileType = sourcecode.c.objc; path = GCPopupView.m; sourceTree = "<group>"; };
		E49B2421179FF74C004CE8A4 /* AssetsLibrary.framework */ = {isa = PBXFileReference; lastKnownFileType = wrapper.framework; name = AssetsLibrary.framework; path = System/Library/Frameworks/AssetsLibrary.framework; sourceTree = SDKROOT; };
		E4A3612B17E0C0550058C1ED /* AlbumsViewController.h */ = {isa = PBXFileReference; fileEncoding = 4; lastKnownFileType = sourcecode.c.h; path = AlbumsViewController.h; sourceTree = "<group>"; };
		E4A3612C17E0C0550058C1ED /* AlbumsViewController.m */ = {isa = PBXFileReference; fileEncoding = 4; lastKnownFileType = sourcecode.c.objc; path = AlbumsViewController.m; sourceTree = "<group>"; };
		E4A3612D17E0C0550058C1ED /* ImageDetailsViewController.h */ = {isa = PBXFileReference; fileEncoding = 4; lastKnownFileType = sourcecode.c.h; path = ImageDetailsViewController.h; sourceTree = "<group>"; };
		E4A3612E17E0C0550058C1ED /* ImageDetailsViewController.m */ = {isa = PBXFileReference; fileEncoding = 4; lastKnownFileType = sourcecode.c.objc; path = ImageDetailsViewController.m; sourceTree = "<group>"; };
		E4A3612F17E0C0550058C1ED /* ImagesViewController.h */ = {isa = PBXFileReference; fileEncoding = 4; lastKnownFileType = sourcecode.c.h; path = ImagesViewController.h; sourceTree = "<group>"; };
		E4A3613017E0C0550058C1ED /* ImagesViewController.m */ = {isa = PBXFileReference; fileEncoding = 4; lastKnownFileType = sourcecode.c.objc; path = ImagesViewController.m; sourceTree = "<group>"; };
		E4A3613117E0C0550058C1ED /* LoginViewController.h */ = {isa = PBXFileReference; fileEncoding = 4; lastKnownFileType = sourcecode.c.h; path = LoginViewController.h; sourceTree = "<group>"; };
		E4A3613217E0C0550058C1ED /* LoginViewController.m */ = {isa = PBXFileReference; fileEncoding = 4; lastKnownFileType = sourcecode.c.objc; path = LoginViewController.m; sourceTree = "<group>"; };
		E4A3613817E0C0660058C1ED /* chute.png */ = {isa = PBXFileReference; lastKnownFileType = image.png; path = chute.png; sourceTree = "<group>"; };
		E4A3613917E0C0660058C1ED /* flag.png */ = {isa = PBXFileReference; lastKnownFileType = image.png; path = flag.png; sourceTree = "<group>"; };
		E4A3613A17E0C0660058C1ED /* heart.png */ = {isa = PBXFileReference; lastKnownFileType = image.png; path = heart.png; sourceTree = "<group>"; };
		E4A3613B17E0C0660058C1ED /* unflag.png */ = {isa = PBXFileReference; lastKnownFileType = image.png; path = unflag.png; sourceTree = "<group>"; };
		E4A3613C17E0C0660058C1ED /* unheart.png */ = {isa = PBXFileReference; lastKnownFileType = image.png; path = unheart.png; sourceTree = "<group>"; };
		E4A3613D17E0C0660058C1ED /* unvote.png */ = {isa = PBXFileReference; lastKnownFileType = image.png; path = unvote.png; sourceTree = "<group>"; };
		E4A3613E17E0C0660058C1ED /* vote.png */ = {isa = PBXFileReference; lastKnownFileType = image.png; path = vote.png; sourceTree = "<group>"; };
		E4A3614017E0C0660058C1ED /* AlbumViewCell.h */ = {isa = PBXFileReference; fileEncoding = 4; lastKnownFileType = sourcecode.c.h; path = AlbumViewCell.h; sourceTree = "<group>"; };
		E4A3614117E0C0670058C1ED /* AlbumViewCell.m */ = {isa = PBXFileReference; fileEncoding = 4; lastKnownFileType = sourcecode.c.objc; path = AlbumViewCell.m; sourceTree = "<group>"; };
		E4A3614217E0C0670058C1ED /* CommentCell.h */ = {isa = PBXFileReference; fileEncoding = 4; lastKnownFileType = sourcecode.c.h; path = CommentCell.h; sourceTree = "<group>"; };
		E4A3614317E0C0670058C1ED /* CommentCell.m */ = {isa = PBXFileReference; fileEncoding = 4; lastKnownFileType = sourcecode.c.objc; path = CommentCell.m; sourceTree = "<group>"; };
		E4A3614417E0C0670058C1ED /* ImageViewCell.h */ = {isa = PBXFileReference; fileEncoding = 4; lastKnownFileType = sourcecode.c.h; path = ImageViewCell.h; sourceTree = "<group>"; };
		E4A3614517E0C0670058C1ED /* ImageViewCell.m */ = {isa = PBXFileReference; fileEncoding = 4; lastKnownFileType = sourcecode.c.objc; path = ImageViewCell.m; sourceTree = "<group>"; };
/* End PBXFileReference section */

/* Begin PBXFrameworksBuildPhase section */
		CCC359501689F8CA009E372C /* Frameworks */ = {
			isa = PBXFrameworksBuildPhase;
			buildActionMask = 2147483647;
			files = (
				E49B2422179FF74D004CE8A4 /* AssetsLibrary.framework in Frameworks */,
				CC4DA5171710BA7C004E2191 /* QuartzCore.framework in Frameworks */,
				CC49266D168A4AE200397C1E /* MobileCoreServices.framework in Frameworks */,
				CC49266E168A4AE200397C1E /* SystemConfiguration.framework in Frameworks */,
				CCC359581689F8CA009E372C /* UIKit.framework in Frameworks */,
				CCC3595A1689F8CA009E372C /* Foundation.framework in Frameworks */,
				CCC3595C1689F8CA009E372C /* CoreGraphics.framework in Frameworks */,
				26B73345F8574FA6AC075CCB /* libPods.a in Frameworks */,
			);
			runOnlyForDeploymentPostprocessing = 0;
		};
		CCC359761689F8CB009E372C /* Frameworks */ = {
			isa = PBXFrameworksBuildPhase;
			buildActionMask = 2147483647;
			files = (
				CCC3597C1689F8CB009E372C /* SenTestingKit.framework in Frameworks */,
				CCC3597D1689F8CB009E372C /* UIKit.framework in Frameworks */,
				CCC3597E1689F8CB009E372C /* Foundation.framework in Frameworks */,
			);
			runOnlyForDeploymentPostprocessing = 0;
		};
/* End PBXFrameworksBuildPhase section */

/* Begin PBXGroup section */
		CCC359481689F8CA009E372C = {
			isa = PBXGroup;
			children = (
				E40CE2DC181EC56C007668FD /* Chute-SDK */,
				CCC3595D1689F8CA009E372C /* GCAPIv2TestApp */,
				CCC359811689F8CB009E372C /* GCAPIv2TestAppTests */,
				CCC359561689F8CA009E372C /* Frameworks */,
				CCC359541689F8CA009E372C /* Products */,
				60F3E5DB13FF428A83AE6167 /* Pods.xcconfig */,
			);
			sourceTree = "<group>";
		};
		CCC359541689F8CA009E372C /* Products */ = {
			isa = PBXGroup;
			children = (
				CCC359531689F8CA009E372C /* GCAPIv2TestApp.app */,
				CCC3597A1689F8CB009E372C /* GCAPIv2TestAppTests.octest */,
			);
			name = Products;
			sourceTree = "<group>";
		};
		CCC359561689F8CA009E372C /* Frameworks */ = {
			isa = PBXGroup;
			children = (
				E49B2421179FF74C004CE8A4 /* AssetsLibrary.framework */,
				CC4DA5141710BA70004E2191 /* QuartzCore.framework */,
				CC49266B168A4ACC00397C1E /* MobileCoreServices.framework */,
				CC492669168A4AC400397C1E /* SystemConfiguration.framework */,
				CCC359571689F8CA009E372C /* UIKit.framework */,
				CCC359591689F8CA009E372C /* Foundation.framework */,
				CCC3595B1689F8CA009E372C /* CoreGraphics.framework */,
				CCC3597B1689F8CB009E372C /* SenTestingKit.framework */,
				B4716EB6ABE44C6E822EEF78 /* libPods.a */,
			);
			name = Frameworks;
			sourceTree = "<group>";
		};
		CCC3595D1689F8CA009E372C /* GCAPIv2TestApp */ = {
			isa = PBXGroup;
			children = (
				E4A3613F17E0C0660058C1ED /* Views */,
				E4A3612A17E0C0550058C1ED /* Controllers */,
				CCC359661689F8CA009E372C /* AppDelegate.h */,
				CCC359671689F8CA009E372C /* AppDelegate.m */,
				CCC3596F1689F8CA009E372C /* MainStoryboard-iPhone.storyboard */,
				CC4DA52D17143FFA004E2191 /* MainStoryboard-iPad.storyboard */,
				E4A3613717E0C0660058C1ED /* Resources */,
				CCC3595E1689F8CA009E372C /* Supporting Files */,
			);
			path = GCAPIv2TestApp;
			sourceTree = "<group>";
		};
		CCC3595E1689F8CA009E372C /* Supporting Files */ = {
			isa = PBXGroup;
			children = (
				CCC3595F1689F8CA009E372C /* GCAPIv2TestApp-Info.plist */,
				CCC359601689F8CA009E372C /* InfoPlist.strings */,
				CCC359631689F8CA009E372C /* main.m */,
				CCC359651689F8CA009E372C /* GCAPIv2TestApp-Prefix.pch */,
				CCC359691689F8CA009E372C /* Default.png */,
				CCC3596B1689F8CA009E372C /* Default@2x.png */,
				CCC3596D1689F8CA009E372C /* Default-568h@2x.png */,
			);
			name = "Supporting Files";
			sourceTree = "<group>";
		};
		CCC359811689F8CB009E372C /* GCAPIv2TestAppTests */ = {
			isa = PBXGroup;
			children = (
				CCC359871689F8CC009E372C /* GCAPIv2TestAppTests.h */,
				CCC359881689F8CC009E372C /* GCAPIv2TestAppTests.m */,
				CCC359821689F8CB009E372C /* Supporting Files */,
			);
			path = GCAPIv2TestAppTests;
			sourceTree = "<group>";
		};
		CCC359821689F8CB009E372C /* Supporting Files */ = {
			isa = PBXGroup;
			children = (
				CCC359831689F8CB009E372C /* GCAPIv2TestAppTests-Info.plist */,
				CCC359841689F8CB009E372C /* InfoPlist.strings */,
			);
			name = "Supporting Files";
			sourceTree = "<group>";
		};
		CCD3C3D118284C5100E31F78 /* Configuration */ = {
			isa = PBXGroup;
			children = (
				CCD3C3D218284C5100E31F78 /* GCConfiguration.h */,
				CCD3C3D318284C5100E31F78 /* GCConfiguration.m */,
				CCD3C3D418284C5100E31F78 /* GCConfigurationFile.h */,
				CCD3C3D518284C5100E31F78 /* GCConfigurationFile.m */,
				CCD3C3D81828527300E31F78 /* GCConfiguration-Sample.plist */,
				CCD3C3D91828527300E31F78 /* GCConfiguration.plist */,
			);
			path = Configuration;
			sourceTree = "<group>";
		};
		E40CE2DC181EC56C007668FD /* Chute-SDK */ = {
			isa = PBXGroup;
			children = (
				CCD3C3D118284C5100E31F78 /* Configuration */,
				E40CE2DD181EC56C007668FD /* API */,
				E40CE2F5181EC56C007668FD /* Chute-SDK-Prefix.pch */,
				E40CE2F6181EC56C007668FD /* GetChute.h */,
				E40CE2F7181EC56C007668FD /* Models */,
				E40CE32C181EC56C007668FD /* Util */,
				E40CE33F181EC56C007668FD /* Views */,
			);
			name = "Chute-SDK";
			path = "../Chute-SDK";
			sourceTree = "<group>";
		};
		E40CE2DD181EC56C007668FD /* API */ = {
			isa = PBXGroup;
			children = (
				E40CE2DE181EC56C007668FD /* GCClient.h */,
				E40CE2DF181EC56C007668FD /* GCClient.m */,
				E40CE2E0181EC56C007668FD /* GCOAuth2Client.h */,
				E40CE2E1181EC56C007668FD /* GCOAuth2Client.m */,
				E40CE2E2181EC56C007668FD /* GCUploader.h */,
				E40CE2E3181EC56C007668FD /* GCUploader.m */,
				E40CE2E4181EC56C007668FD /* Services */,
			);
			path = API;
			sourceTree = "<group>";
		};
		E40CE2E4181EC56C007668FD /* Services */ = {
			isa = PBXGroup;
			children = (
				E40CE2E5181EC56C007668FD /* GCServiceAccount.h */,
				E40CE2E6181EC56C007668FD /* GCServiceAccount.m */,
				E40CE2E7181EC56C007668FD /* GCServiceAlbum.h */,
				E40CE2E8181EC56C007668FD /* GCServiceAlbum.m */,
				E40CE2E9181EC56C007668FD /* GCServiceAsset.h */,
				E40CE2EA181EC56C007668FD /* GCServiceAsset.m */,
				E40CE2EB181EC56C007668FD /* GCServiceComment.h */,
				E40CE2EC181EC56C007668FD /* GCServiceComment.m */,
				E40CE2ED181EC56C007668FD /* GCServiceFlag.h */,
				E40CE2EE181EC56C007668FD /* GCServiceFlag.m */,
				E40CE2EF181EC56C007668FD /* GCServiceHeart.h */,
				E40CE2F0181EC56C007668FD /* GCServiceHeart.m */,
				E40CE2F1181EC56C007668FD /* GCServiceTag.h */,
				E40CE2F2181EC56C007668FD /* GCServiceTag.m */,
				E40CE2F3181EC56C007668FD /* GCServiceVote.h */,
				E40CE2F4181EC56C007668FD /* GCServiceVote.m */,
			);
			path = Services;
			sourceTree = "<group>";
		};
		E40CE2F7181EC56C007668FD /* Models */ = {
			isa = PBXGroup;
			children = (
				E40CE2F8181EC56C007668FD /* GCAccount.h */,
				E40CE2F9181EC56C007668FD /* GCAccount.m */,
				E40CE2FA181EC56C007668FD /* GCAlbum.h */,
				E40CE2FB181EC56C007668FD /* GCAlbum.m */,
				E40CE2FC181EC56C007668FD /* GCApiLimits.h */,
				E40CE2FD181EC56C007668FD /* GCApiLimits.m */,
				E40CE2FE181EC56C007668FD /* GCAsset.h */,
				E40CE2FF181EC56C007668FD /* GCAsset.m */,
				E40CE300181EC56C007668FD /* GCAssetDimensions.h */,
				E40CE301181EC56C007668FD /* GCAssetDimensions.m */,
				E40CE302181EC56C007668FD /* GCAssetSource.h */,
				E40CE303181EC56C007668FD /* GCAssetSource.m */,
				E40CE304181EC56C007668FD /* GCComment.h */,
				E40CE305181EC56C007668FD /* GCComment.m */,
				E40CE306181EC56C007668FD /* GCCoordinate.h */,
				E40CE307181EC56C007668FD /* GCCoordinate.m */,
				E40CE308181EC56C007668FD /* GCCounter.h */,
				E40CE309181EC56C007668FD /* GCCounter.m */,
				E40CE30A181EC56C007668FD /* GCFile.h */,
				E40CE30B181EC56C007668FD /* GCFile.m */,
				E40CE30C181EC56C007668FD /* GCFlag.h */,
				E40CE30D181EC56C007668FD /* GCFlag.m */,
				E40CE30E181EC56C007668FD /* GCFlagCount.h */,
				E40CE30F181EC56C007668FD /* GCFlagCount.m */,
				E40CE310181EC56C007668FD /* GCHeart.h */,
				E40CE311181EC56C007668FD /* GCHeart.m */,
				E40CE312181EC56C007668FD /* GCHeartCount.h */,
				E40CE313181EC56C007668FD /* GCHeartCount.m */,
				E40CE314181EC56C007668FD /* GCImageData.h */,
				E40CE315181EC56C007668FD /* GCImageData.m */,
				E40CE316181EC56C007668FD /* GCLinks.h */,
				E40CE317181EC56C007668FD /* GCLinks.m */,
				E40CE318181EC56C007668FD /* GCPagination.h */,
				E40CE319181EC56C007668FD /* GCPagination.m */,
				E40CE31A181EC56C007668FD /* GCResponse.h */,
				E40CE31B181EC56C007668FD /* GCResponse.m */,
				E40CE31C181EC56C007668FD /* GCResponseStatus.h */,
				E40CE31D181EC56C007668FD /* GCResponseStatus.m */,
				E40CE31E181EC56C007668FD /* GCUploadInfo.h */,
				E40CE31F181EC56C007668FD /* GCUploadInfo.m */,
				E40CE320181EC56C007668FD /* GCUploadingAsset.h */,
				E40CE321181EC56C007668FD /* GCUploadingAsset.m */,
				E40CE322181EC56C007668FD /* GCUploads.h */,
				E40CE323181EC56C007668FD /* GCUploads.m */,
				E40CE324181EC56C007668FD /* GCURL.h */,
				E40CE325181EC56C007668FD /* GCURL.m */,
				E40CE326181EC56C007668FD /* GCUser.h */,
				E40CE327181EC56C007668FD /* GCUser.m */,
				E40CE328181EC56C007668FD /* GCVote.h */,
				E40CE329181EC56C007668FD /* GCVote.m */,
				E40CE32A181EC56C007668FD /* GCVoteCount.h */,
				E40CE32B181EC56C007668FD /* GCVoteCount.m */,
			);
			path = Models;
			sourceTree = "<group>";
		};
		E40CE32C181EC56C007668FD /* Util */ = {
			isa = PBXGroup;
			children = (
				E40CE32D181EC56C007668FD /* ColorLog.h */,
				E40CE32E181EC56C007668FD /* ColorLog.m */,
				E40CE32F181EC56C007668FD /* GCFileManager.h */,
				E40CE330181EC56C007668FD /* GCFileManager.m */,
				E40CE331181EC56C007668FD /* GCLog.h */,
				E40CE332181EC56C007668FD /* GCLog.m */,
				E40CE333181EC56C007668FD /* GCLogFormatter.h */,
				E40CE334181EC56C007668FD /* GCLogFormatter.m */,
				E40CE335181EC56C007668FD /* GCMD5Hash.c */,
				E40CE336181EC56C007668FD /* GCMD5Hash.h */,
				E40CE337181EC56C007668FD /* KXDataEncoder.h */,
				E40CE338181EC56C007668FD /* KXDataEncoder.m */,
				E40CE339181EC56C007668FD /* NSDictionary+QueryString.h */,
				E40CE33A181EC56C007668FD /* NSDictionary+QueryString.m */,
				E40CE33B181EC56C007668FD /* NSMutableDictionary+GCUtil.h */,
				E40CE33C181EC56C007668FD /* NSMutableDictionary+GCUtil.m */,
				E40CE33D181EC56C007668FD /* NSString+QueryString.h */,
				E40CE33E181EC56C007668FD /* NSString+QueryString.m */,
			);
			path = Util;
			sourceTree = "<group>";
		};
		E40CE33F181EC56C007668FD /* Views */ = {
			isa = PBXGroup;
			children = (
				E40CE340181EC56C007668FD /* GCLoginView.h */,
				E40CE341181EC56C007668FD /* GCLoginView.m */,
				E40CE342181EC56C007668FD /* GCPopupView.h */,
				E40CE343181EC56C007668FD /* GCPopupView.m */,
			);
			path = Views;
			sourceTree = "<group>";
		};
		E4A3612A17E0C0550058C1ED /* Controllers */ = {
			isa = PBXGroup;
			children = (
				E4A3612B17E0C0550058C1ED /* AlbumsViewController.h */,
				E4A3612C17E0C0550058C1ED /* AlbumsViewController.m */,
				E4A3612D17E0C0550058C1ED /* ImageDetailsViewController.h */,
				E4A3612E17E0C0550058C1ED /* ImageDetailsViewController.m */,
				E4A3612F17E0C0550058C1ED /* ImagesViewController.h */,
				E4A3613017E0C0550058C1ED /* ImagesViewController.m */,
				E4A3613117E0C0550058C1ED /* LoginViewController.h */,
				E4A3613217E0C0550058C1ED /* LoginViewController.m */,
			);
			path = Controllers;
			sourceTree = "<group>";
		};
		E4A3613717E0C0660058C1ED /* Resources */ = {
			isa = PBXGroup;
			children = (
				E4A3613817E0C0660058C1ED /* chute.png */,
				E4A3613917E0C0660058C1ED /* flag.png */,
				E4A3613A17E0C0660058C1ED /* heart.png */,
				E4A3613B17E0C0660058C1ED /* unflag.png */,
				E4A3613C17E0C0660058C1ED /* unheart.png */,
				E4A3613D17E0C0660058C1ED /* unvote.png */,
				E4A3613E17E0C0660058C1ED /* vote.png */,
			);
			path = Resources;
			sourceTree = "<group>";
		};
		E4A3613F17E0C0660058C1ED /* Views */ = {
			isa = PBXGroup;
			children = (
				E4A3614017E0C0660058C1ED /* AlbumViewCell.h */,
				E4A3614117E0C0670058C1ED /* AlbumViewCell.m */,
				E4A3614217E0C0670058C1ED /* CommentCell.h */,
				E4A3614317E0C0670058C1ED /* CommentCell.m */,
				E4A3614417E0C0670058C1ED /* ImageViewCell.h */,
				E4A3614517E0C0670058C1ED /* ImageViewCell.m */,
			);
			path = Views;
			sourceTree = "<group>";
		};
/* End PBXGroup section */

/* Begin PBXNativeTarget section */
		CCC359521689F8CA009E372C /* GCAPIv2TestApp */ = {
			isa = PBXNativeTarget;
			buildConfigurationList = CCC3598C1689F8CC009E372C /* Build configuration list for PBXNativeTarget "GCAPIv2TestApp" */;
			buildPhases = (
				94419CE4BC7D4AD8BE006009 /* Check Pods Manifest.lock */,
				CCC3594F1689F8CA009E372C /* Sources */,
				CCC359501689F8CA009E372C /* Frameworks */,
				CCC359511689F8CA009E372C /* Resources */,
				E8264ED580F34B189A6100EF /* Copy Pods Resources */,
			);
			buildRules = (
			);
			dependencies = (
			);
			name = GCAPIv2TestApp;
			productName = GCAPIv2TestApp;
			productReference = CCC359531689F8CA009E372C /* GCAPIv2TestApp.app */;
			productType = "com.apple.product-type.application";
		};
		CCC359791689F8CB009E372C /* GCAPIv2TestAppTests */ = {
			isa = PBXNativeTarget;
			buildConfigurationList = CCC3598F1689F8CC009E372C /* Build configuration list for PBXNativeTarget "GCAPIv2TestAppTests" */;
			buildPhases = (
				CCC359751689F8CB009E372C /* Sources */,
				CCC359761689F8CB009E372C /* Frameworks */,
				CCC359771689F8CB009E372C /* Resources */,
				CCC359781689F8CB009E372C /* ShellScript */,
			);
			buildRules = (
			);
			dependencies = (
				CCC359801689F8CB009E372C /* PBXTargetDependency */,
			);
			name = GCAPIv2TestAppTests;
			productName = GCAPIv2TestAppTests;
			productReference = CCC3597A1689F8CB009E372C /* GCAPIv2TestAppTests.octest */;
			productType = "com.apple.product-type.bundle";
		};
/* End PBXNativeTarget section */

/* Begin PBXProject section */
		CCC3594A1689F8CA009E372C /* Project object */ = {
			isa = PBXProject;
			attributes = {
				LastUpgradeCheck = 0500;
				ORGANIZATIONNAME = "Aleksandar Trpeski";
			};
			buildConfigurationList = CCC3594D1689F8CA009E372C /* Build configuration list for PBXProject "GCAPIv2TestApp" */;
			compatibilityVersion = "Xcode 3.2";
			developmentRegion = English;
			hasScannedForEncodings = 0;
			knownRegions = (
				en,
			);
			mainGroup = CCC359481689F8CA009E372C;
			productRefGroup = CCC359541689F8CA009E372C /* Products */;
			projectDirPath = "";
			projectRoot = "";
			targets = (
				CCC359521689F8CA009E372C /* GCAPIv2TestApp */,
				CCC359791689F8CB009E372C /* GCAPIv2TestAppTests */,
			);
		};
/* End PBXProject section */

/* Begin PBXResourcesBuildPhase section */
		CCC359511689F8CA009E372C /* Resources */ = {
			isa = PBXResourcesBuildPhase;
			buildActionMask = 2147483647;
			files = (
				CCC359621689F8CA009E372C /* InfoPlist.strings in Resources */,
				CCC3596A1689F8CA009E372C /* Default.png in Resources */,
				CCC3596C1689F8CA009E372C /* Default@2x.png in Resources */,
				CCD3C3DA1828527300E31F78 /* GCConfiguration-Sample.plist in Resources */,
				CCC3596E1689F8CA009E372C /* Default-568h@2x.png in Resources */,
				CCC359711689F8CA009E372C /* MainStoryboard-iPhone.storyboard in Resources */,
				CC4DA52E17143FFA004E2191 /* MainStoryboard-iPad.storyboard in Resources */,
				CCD3C3DB1828527300E31F78 /* GCConfiguration.plist in Resources */,
				E4A3614617E0C0670058C1ED /* chute.png in Resources */,
				E4A3614717E0C0670058C1ED /* flag.png in Resources */,
				E4A3614817E0C0670058C1ED /* heart.png in Resources */,
				E4A3614917E0C0670058C1ED /* unflag.png in Resources */,
				E4A3614A17E0C0670058C1ED /* unheart.png in Resources */,
				E4A3614B17E0C0670058C1ED /* unvote.png in Resources */,
				E4A3614C17E0C0670058C1ED /* vote.png in Resources */,
			);
			runOnlyForDeploymentPostprocessing = 0;
		};
		CCC359771689F8CB009E372C /* Resources */ = {
			isa = PBXResourcesBuildPhase;
			buildActionMask = 2147483647;
			files = (
				CCC359861689F8CB009E372C /* InfoPlist.strings in Resources */,
			);
			runOnlyForDeploymentPostprocessing = 0;
		};
/* End PBXResourcesBuildPhase section */

/* Begin PBXShellScriptBuildPhase section */
		94419CE4BC7D4AD8BE006009 /* Check Pods Manifest.lock */ = {
			isa = PBXShellScriptBuildPhase;
			buildActionMask = 2147483647;
			files = (
			);
			inputPaths = (
			);
			name = "Check Pods Manifest.lock";
			outputPaths = (
			);
			runOnlyForDeploymentPostprocessing = 0;
			shellPath = /bin/sh;
			shellScript = "diff \"${PODS_ROOT}/../Podfile.lock\" \"${PODS_ROOT}/Manifest.lock\" > /dev/null\nif [[ $? != 0 ]] ; then\n    cat << EOM\nerror: The sanbox is not in sync with the Podfile.lock. Run 'pod install'.\nEOM\n    exit 1\nfi\n";
		};
		CCC359781689F8CB009E372C /* ShellScript */ = {
			isa = PBXShellScriptBuildPhase;
			buildActionMask = 2147483647;
			files = (
			);
			inputPaths = (
			);
			outputPaths = (
			);
			runOnlyForDeploymentPostprocessing = 0;
			shellPath = /bin/sh;
			shellScript = "# Run the unit tests in this test bundle.\n\"${SYSTEM_DEVELOPER_DIR}/Tools/RunUnitTests\"\n";
		};
		E8264ED580F34B189A6100EF /* Copy Pods Resources */ = {
			isa = PBXShellScriptBuildPhase;
			buildActionMask = 2147483647;
			files = (
			);
			inputPaths = (
			);
			name = "Copy Pods Resources";
			outputPaths = (
			);
			runOnlyForDeploymentPostprocessing = 0;
			shellPath = /bin/sh;
			shellScript = "\"${SRCROOT}/Pods/Pods-resources.sh\"\n";
			showEnvVarsInLog = 0;
		};
/* End PBXShellScriptBuildPhase section */

/* Begin PBXSourcesBuildPhase section */
		CCC3594F1689F8CA009E372C /* Sources */ = {
			isa = PBXSourcesBuildPhase;
			buildActionMask = 2147483647;
			files = (
				E40CE365181EC56C007668FD /* GCURL.m in Sources */,
				E40CE368181EC56C007668FD /* GCVoteCount.m in Sources */,
				E40CE34C181EC56C007668FD /* GCServiceHeart.m in Sources */,
				E40CE344181EC56C007668FD /* GCClient.m in Sources */,
				E40CE346181EC56C007668FD /* GCUploader.m in Sources */,
				CCC359641689F8CA009E372C /* main.m in Sources */,
				E40CE348181EC56C007668FD /* GCServiceAlbum.m in Sources */,
				E40CE36D181EC56C007668FD /* GCMD5Hash.c in Sources */,
				E40CE363181EC56C007668FD /* GCUploadingAsset.m in Sources */,
				E40CE345181EC56C007668FD /* GCOAuth2Client.m in Sources */,
				E40CE352181EC56C007668FD /* GCAsset.m in Sources */,
				E40CE364181EC56C007668FD /* GCUploads.m in Sources */,
				CCC359681689F8CA009E372C /* AppDelegate.m in Sources */,
				E40CE34F181EC56C007668FD /* GCAccount.m in Sources */,
				E40CE354181EC56C007668FD /* GCAssetSource.m in Sources */,
				E40CE36B181EC56C007668FD /* GCLog.m in Sources */,
				E40CE34E181EC56C007668FD /* GCServiceVote.m in Sources */,
				E40CE347181EC56C007668FD /* GCServiceAccount.m in Sources */,
				E40CE351181EC56C007668FD /* GCApiLimits.m in Sources */,
				E4A3613317E0C0550058C1ED /* AlbumsViewController.m in Sources */,
				E40CE349181EC56C007668FD /* GCServiceAsset.m in Sources */,
				E40CE35E181EC56C007668FD /* GCLinks.m in Sources */,
				E4A3613417E0C0550058C1ED /* ImageDetailsViewController.m in Sources */,
				E40CE35D181EC56C007668FD /* GCImageData.m in Sources */,
				CCD3C3D618284C5100E31F78 /* GCConfiguration.m in Sources */,
				E40CE360181EC56C007668FD /* GCResponse.m in Sources */,
				CCD3C3D718284C5100E31F78 /* GCConfigurationFile.m in Sources */,
				E40CE350181EC56C007668FD /* GCAlbum.m in Sources */,
				E40CE34B181EC56C007668FD /* GCServiceFlag.m in Sources */,
				E40CE373181EC56C007668FD /* GCPopupView.m in Sources */,
				E40CE366181EC56C007668FD /* GCUser.m in Sources */,
				E40CE355181EC56C007668FD /* GCComment.m in Sources */,
				E40CE353181EC56C007668FD /* GCAssetDimensions.m in Sources */,
				E40CE36F181EC56C007668FD /* NSDictionary+QueryString.m in Sources */,
				E40CE34D181EC56C007668FD /* GCServiceTag.m in Sources */,
				E40CE35B181EC56C007668FD /* GCHeart.m in Sources */,
				E40CE35A181EC56C007668FD /* GCFlagCount.m in Sources */,
				E40CE36A181EC56C007668FD /* GCFileManager.m in Sources */,
				E40CE361181EC56C007668FD /* GCResponseStatus.m in Sources */,
				E4A3613517E0C0550058C1ED /* ImagesViewController.m in Sources */,
				E40CE36C181EC56C007668FD /* GCLogFormatter.m in Sources */,
				E40CE35C181EC56C007668FD /* GCHeartCount.m in Sources */,
				E40CE34A181EC56C007668FD /* GCServiceComment.m in Sources */,
				E4A3613617E0C0550058C1ED /* LoginViewController.m in Sources */,
				E40CE367181EC56C007668FD /* GCVote.m in Sources */,
				E4A3614D17E0C0670058C1ED /* AlbumViewCell.m in Sources */,
				E40CE369181EC56C007668FD /* ColorLog.m in Sources */,
				E4A3614E17E0C0670058C1ED /* CommentCell.m in Sources */,
				E40CE370181EC56C007668FD /* NSMutableDictionary+GCUtil.m in Sources */,
				E40CE372181EC56C007668FD /* GCLoginView.m in Sources */,
				E40CE357181EC56C007668FD /* GCCounter.m in Sources */,
				E40CE371181EC56C007668FD /* NSString+QueryString.m in Sources */,
				E40CE358181EC56C007668FD /* GCFile.m in Sources */,
				E4A3614F17E0C0670058C1ED /* ImageViewCell.m in Sources */,
				E40CE36E181EC56C007668FD /* KXDataEncoder.m in Sources */,
				E40CE362181EC56C007668FD /* GCUploadInfo.m in Sources */,
				E40CE356181EC56C007668FD /* GCCoordinate.m in Sources */,
				E40CE35F181EC56C007668FD /* GCPagination.m in Sources */,
				E40CE359181EC56C007668FD /* GCFlag.m in Sources */,
			);
			runOnlyForDeploymentPostprocessing = 0;
		};
		CCC359751689F8CB009E372C /* Sources */ = {
			isa = PBXSourcesBuildPhase;
			buildActionMask = 2147483647;
			files = (
				CCC359891689F8CC009E372C /* GCAPIv2TestAppTests.m in Sources */,
			);
			runOnlyForDeploymentPostprocessing = 0;
		};
/* End PBXSourcesBuildPhase section */

/* Begin PBXTargetDependency section */
		CCC359801689F8CB009E372C /* PBXTargetDependency */ = {
			isa = PBXTargetDependency;
			target = CCC359521689F8CA009E372C /* GCAPIv2TestApp */;
			targetProxy = CCC3597F1689F8CB009E372C /* PBXContainerItemProxy */;
		};
/* End PBXTargetDependency section */

/* Begin PBXVariantGroup section */
		CCC359601689F8CA009E372C /* InfoPlist.strings */ = {
			isa = PBXVariantGroup;
			children = (
				CCC359611689F8CA009E372C /* en */,
			);
			name = InfoPlist.strings;
			sourceTree = "<group>";
		};
		CCC3596F1689F8CA009E372C /* MainStoryboard-iPhone.storyboard */ = {
			isa = PBXVariantGroup;
			children = (
				CCC359701689F8CA009E372C /* en */,
			);
			name = "MainStoryboard-iPhone.storyboard";
			sourceTree = "<group>";
		};
		CCC359841689F8CB009E372C /* InfoPlist.strings */ = {
			isa = PBXVariantGroup;
			children = (
				CCC359851689F8CB009E372C /* en */,
			);
			name = InfoPlist.strings;
			sourceTree = "<group>";
		};
/* End PBXVariantGroup section */

/* Begin XCBuildConfiguration section */
		CCC3598A1689F8CC009E372C /* Debug */ = {
			isa = XCBuildConfiguration;
			buildSettings = {
				ALWAYS_SEARCH_USER_PATHS = YES;
				CLANG_CXX_LANGUAGE_STANDARD = "gnu++0x";
				CLANG_CXX_LIBRARY = "libc++";
				CLANG_ENABLE_OBJC_ARC = YES;
				CLANG_WARN_EMPTY_BODY = YES;
				CLANG_WARN__DUPLICATE_METHOD_MATCH = YES;
				CODE_SIGN_IDENTITY = "iPhone Developer: Aleksandar Trpeski (7R77UE2JVS)";
				"CODE_SIGN_IDENTITY[sdk=iphoneos*]" = "iPhone Developer";
				COPY_PHASE_STRIP = NO;
				FRAMEWORK_SEARCH_PATHS = "/Users/aleksandartrpeski/Documents/Chute/GetChute/**";
				GCC_C_LANGUAGE_STANDARD = gnu99;
				GCC_DYNAMIC_NO_PIC = NO;
				GCC_OPTIMIZATION_LEVEL = 0;
				GCC_PREPROCESSOR_DEFINITIONS = (
					"DEBUG=1",
					"$(inherited)",
				);
				GCC_SYMBOLS_PRIVATE_EXTERN = NO;
				GCC_WARN_ABOUT_RETURN_TYPE = YES;
				GCC_WARN_UNINITIALIZED_AUTOS = YES;
				GCC_WARN_UNUSED_VARIABLE = YES;
				IPHONEOS_DEPLOYMENT_TARGET = 6.0;
				ONLY_ACTIVE_ARCH = NO;
				OTHER_LDFLAGS = (
					"-ObjC",
					"-all_load",
				);
				PROVISIONING_PROFILE = "0B8EC19B-AF03-4B54-B30B-23C60AC5F855";
				SDKROOT = iphoneos;
				USER_HEADER_SEARCH_PATHS = "/Users/aleksandartrpeski/Documents/Chute/GetChute/**";
			};
			name = Debug;
		};
		CCC3598B1689F8CC009E372C /* Release */ = {
			isa = XCBuildConfiguration;
			buildSettings = {
				ALWAYS_SEARCH_USER_PATHS = YES;
				CLANG_CXX_LANGUAGE_STANDARD = "gnu++0x";
				CLANG_CXX_LIBRARY = "libc++";
				CLANG_ENABLE_OBJC_ARC = YES;
				CLANG_WARN_EMPTY_BODY = YES;
				CLANG_WARN__DUPLICATE_METHOD_MATCH = YES;
				CODE_SIGN_IDENTITY = "iPhone Developer: Aleksandar Trpeski (7R77UE2JVS)";
				"CODE_SIGN_IDENTITY[sdk=iphoneos*]" = "iPhone Developer";
				COPY_PHASE_STRIP = YES;
				FRAMEWORK_SEARCH_PATHS = "/Users/aleksandartrpeski/Documents/Chute/GetChute/**";
				GCC_C_LANGUAGE_STANDARD = gnu99;
				GCC_WARN_ABOUT_RETURN_TYPE = YES;
				GCC_WARN_UNINITIALIZED_AUTOS = YES;
				GCC_WARN_UNUSED_VARIABLE = YES;
				IPHONEOS_DEPLOYMENT_TARGET = 6.0;
				ONLY_ACTIVE_ARCH = NO;
				OTHER_CFLAGS = "-DNS_BLOCK_ASSERTIONS=1";
				OTHER_LDFLAGS = (
					"-ObjC",
					"-all_load",
				);
				PROVISIONING_PROFILE = "0B8EC19B-AF03-4B54-B30B-23C60AC5F855";
				SDKROOT = iphoneos;
				USER_HEADER_SEARCH_PATHS = "/Users/aleksandartrpeski/Documents/Chute/GetChute/**";
				VALIDATE_PRODUCT = YES;
			};
			name = Release;
		};
		CCC3598D1689F8CC009E372C /* Debug */ = {
			isa = XCBuildConfiguration;
			baseConfigurationReference = 60F3E5DB13FF428A83AE6167 /* Pods.xcconfig */;
			buildSettings = {
				ALWAYS_SEARCH_USER_PATHS = YES;
				CODE_SIGN_IDENTITY = "iPhone Developer: Aleksandar Trpeski (7R77UE2JVS)";
				FRAMEWORK_SEARCH_PATHS = (
					"\"$(SRCROOT)\"",
					"$(inherited)",
				);
				GCC_PRECOMPILE_PREFIX_HEADER = YES;
				GCC_PREFIX_HEADER = "GCAPIv2TestApp/GCAPIv2TestApp-Prefix.pch";
				INFOPLIST_FILE = "GCAPIv2TestApp/GCAPIv2TestApp-Info.plist";
				IPHONEOS_DEPLOYMENT_TARGET = 6.0;
				PRODUCT_NAME = "$(TARGET_NAME)";
				PROVISIONING_PROFILE = "DFA4179E-F722-427E-8F85-26B037950A63";
				TARGETED_DEVICE_FAMILY = "1,2";
				USER_HEADER_SEARCH_PATHS = "";
				WRAPPER_EXTENSION = app;
			};
			name = Debug;
		};
		CCC3598E1689F8CC009E372C /* Release */ = {
			isa = XCBuildConfiguration;
			baseConfigurationReference = 60F3E5DB13FF428A83AE6167 /* Pods.xcconfig */;
			buildSettings = {
				ALWAYS_SEARCH_USER_PATHS = YES;
				CODE_SIGN_IDENTITY = "iPhone Developer: Aleksandar Trpeski (7R77UE2JVS)";
				FRAMEWORK_SEARCH_PATHS = (
					"\"$(SRCROOT)\"",
					"$(inherited)",
				);
				GCC_PRECOMPILE_PREFIX_HEADER = YES;
				GCC_PREFIX_HEADER = "GCAPIv2TestApp/GCAPIv2TestApp-Prefix.pch";
				INFOPLIST_FILE = "GCAPIv2TestApp/GCAPIv2TestApp-Info.plist";
				IPHONEOS_DEPLOYMENT_TARGET = 6.0;
				PRODUCT_NAME = "$(TARGET_NAME)";
				PROVISIONING_PROFILE = "DFA4179E-F722-427E-8F85-26B037950A63";
				TARGETED_DEVICE_FAMILY = "1,2";
				USER_HEADER_SEARCH_PATHS = "";
				WRAPPER_EXTENSION = app;
			};
			name = Release;
		};
		CCC359901689F8CC009E372C /* Debug */ = {
			isa = XCBuildConfiguration;
			buildSettings = {
				BUNDLE_LOADER = "$(BUILT_PRODUCTS_DIR)/GCAPIv2TestApp.app/GCAPIv2TestApp";
				FRAMEWORK_SEARCH_PATHS = (
					"\"$(SDKROOT)/Developer/Library/Frameworks\"",
					"\"$(DEVELOPER_LIBRARY_DIR)/Frameworks\"",
					"\"$(SRCROOT)\"",
				);
				GCC_PRECOMPILE_PREFIX_HEADER = YES;
				GCC_PREFIX_HEADER = "GCAPIv2TestApp/GCAPIv2TestApp-Prefix.pch";
				INFOPLIST_FILE = "GCAPIv2TestAppTests/GCAPIv2TestAppTests-Info.plist";
				PRODUCT_NAME = "$(TARGET_NAME)";
				TEST_HOST = "$(BUNDLE_LOADER)";
				WRAPPER_EXTENSION = octest;
			};
			name = Debug;
		};
		CCC359911689F8CC009E372C /* Release */ = {
			isa = XCBuildConfiguration;
			buildSettings = {
				BUNDLE_LOADER = "$(BUILT_PRODUCTS_DIR)/GCAPIv2TestApp.app/GCAPIv2TestApp";
				FRAMEWORK_SEARCH_PATHS = (
					"\"$(SDKROOT)/Developer/Library/Frameworks\"",
					"\"$(DEVELOPER_LIBRARY_DIR)/Frameworks\"",
					"\"$(SRCROOT)\"",
				);
				GCC_PRECOMPILE_PREFIX_HEADER = YES;
				GCC_PREFIX_HEADER = "GCAPIv2TestApp/GCAPIv2TestApp-Prefix.pch";
				INFOPLIST_FILE = "GCAPIv2TestAppTests/GCAPIv2TestAppTests-Info.plist";
				PRODUCT_NAME = "$(TARGET_NAME)";
				TEST_HOST = "$(BUNDLE_LOADER)";
				WRAPPER_EXTENSION = octest;
			};
			name = Release;
		};
/* End XCBuildConfiguration section */

/* Begin XCConfigurationList section */
		CCC3594D1689F8CA009E372C /* Build configuration list for PBXProject "GCAPIv2TestApp" */ = {
			isa = XCConfigurationList;
			buildConfigurations = (
				CCC3598A1689F8CC009E372C /* Debug */,
				CCC3598B1689F8CC009E372C /* Release */,
			);
			defaultConfigurationIsVisible = 0;
			defaultConfigurationName = Release;
		};
		CCC3598C1689F8CC009E372C /* Build configuration list for PBXNativeTarget "GCAPIv2TestApp" */ = {
			isa = XCConfigurationList;
			buildConfigurations = (
				CCC3598D1689F8CC009E372C /* Debug */,
				CCC3598E1689F8CC009E372C /* Release */,
			);
			defaultConfigurationIsVisible = 0;
			defaultConfigurationName = Release;
		};
		CCC3598F1689F8CC009E372C /* Build configuration list for PBXNativeTarget "GCAPIv2TestAppTests" */ = {
			isa = XCConfigurationList;
			buildConfigurations = (
				CCC359901689F8CC009E372C /* Debug */,
				CCC359911689F8CC009E372C /* Release */,
			);
			defaultConfigurationIsVisible = 0;
			defaultConfigurationName = Release;
		};
/* End XCConfigurationList section */
	};
	rootObject = CCC3594A1689F8CA009E372C /* Project object */;
}
