PODS:
  - AFNetworking (1.2.1)
  - Chute-SDK (0.0.1):
    - AFNetworking
    - DCKeyValueObjectMapping
    - MBProgressHUD
  - DCKeyValueObjectMapping (1.3)
  - MBProgressHUD (0.6)

DEPENDENCIES:
  - Chute-SDK (from `../Chute-SDK`)

EXTERNAL SOURCES:
  Chute-SDK:
    :path: ../Chute-SDK

SPEC CHECKSUMS:
  AFNetworking: 616da0028916ce296f5c3cef74e5552eb4e10e13
  Chute-SDK: 8218aabe66d6e863d17c985b6bf41c72e2162ac5
  DCKeyValueObjectMapping: b6d88bad4290d3b1f2e5b770c478734701e3acf0
  MBProgressHUD: 9b55a90566fb5d07df0602f6fd9fa04510ad5d52

COCOAPODS: 0.19.1
